<?xml version="1.0" encoding="UTF-8"?>
<!DOCTYPE plist PUBLIC "-//Apple//DTD PLIST 1.0//EN" "http://www.apple.com/DTDs/PropertyList-1.0.dtd">
<plist version="1.0">
<dict>
	<key>archiveVersion</key>
	<string>1</string>
	<key>classes</key>
	<dict/>
	<key>objectVersion</key>
	<string>46</string>
	<key>objects</key>
	<dict>
		<key>12C8621A9D524040AEBF887E</key>
		<dict>
			<key>explicitFileType</key>
			<string>archive.ar</string>
			<key>includeInIndex</key>
			<string>0</string>
			<key>isa</key>
			<string>PBXFileReference</string>
			<key>path</key>
			<string>libPods.a</string>
			<key>sourceTree</key>
			<string>BUILT_PRODUCTS_DIR</string>
		</dict>
		<key>33DB24EB0E6B47AA9DAB70EA</key>
		<dict>
			<key>buildActionMask</key>
			<string>2147483647</string>
			<key>files</key>
			<array/>
			<key>inputPaths</key>
			<array/>
			<key>isa</key>
			<string>PBXShellScriptBuildPhase</string>
			<key>name</key>
			<string>Check Pods Manifest.lock</string>
			<key>outputPaths</key>
			<array/>
			<key>runOnlyForDeploymentPostprocessing</key>
			<string>0</string>
			<key>shellPath</key>
			<string>/bin/sh</string>
			<key>shellScript</key>
			<string>diff "${PODS_ROOT}/../Podfile.lock" "${PODS_ROOT}/Manifest.lock" &gt; /dev/null
if [[ $? != 0 ]] ; then
    cat &lt;&lt; EOM
error: The sandbox is not in sync with the Podfile.lock. Run 'pod install' or update your CocoaPods installation.
EOM
    exit 1
fi
</string>
			<key>showEnvVarsInLog</key>
			<string>0</string>
		</dict>
		<key>4FBC044ABBEA4A23879F7DBE</key>
		<dict>
			<key>buildActionMask</key>
			<string>2147483647</string>
			<key>files</key>
			<array/>
			<key>inputPaths</key>
			<array/>
			<key>isa</key>
			<string>PBXShellScriptBuildPhase</string>
			<key>name</key>
			<string>Copy Pods Resources</string>
			<key>outputPaths</key>
			<array/>
			<key>runOnlyForDeploymentPostprocessing</key>
			<string>0</string>
			<key>shellPath</key>
			<string>/bin/sh</string>
			<key>shellScript</key>
			<string>"${SRCROOT}/Pods/Target Support Files/Pods/Pods-resources.sh"
</string>
			<key>showEnvVarsInLog</key>
			<string>0</string>
		</dict>
		<key>56A73869EA1CC6ECF4EECDDB</key>
		<dict>
			<key>children</key>
			<array>
				<string>90762252BBEB947BB7C0B4E4</string>
				<string>6A7CACB5CEF3239C386E2101</string>
			</array>
			<key>isa</key>
			<string>PBXGroup</string>
			<key>name</key>
			<string>Pods</string>
			<key>sourceTree</key>
			<string>&lt;group&gt;</string>
		</dict>
		<key>6A7CACB5CEF3239C386E2101</key>
		<dict>
			<key>includeInIndex</key>
			<string>1</string>
			<key>isa</key>
			<string>PBXFileReference</string>
			<key>lastKnownFileType</key>
			<string>text.xcconfig</string>
			<key>name</key>
			<string>Pods.release.xcconfig</string>
			<key>path</key>
			<string>Pods/Target Support Files/Pods/Pods.release.xcconfig</string>
			<key>sourceTree</key>
			<string>&lt;group&gt;</string>
		</dict>
		<key>90762252BBEB947BB7C0B4E4</key>
		<dict>
			<key>includeInIndex</key>
			<string>1</string>
			<key>isa</key>
			<string>PBXFileReference</string>
			<key>lastKnownFileType</key>
			<string>text.xcconfig</string>
			<key>name</key>
			<string>Pods.debug.xcconfig</string>
			<key>path</key>
			<string>Pods/Target Support Files/Pods/Pods.debug.xcconfig</string>
			<key>sourceTree</key>
			<string>&lt;group&gt;</string>
		</dict>
		<key>BC1DD2F518BFA155006CA542</key>
		<dict>
			<key>fileEncoding</key>
			<string>4</string>
			<key>isa</key>
			<string>PBXFileReference</string>
			<key>lastKnownFileType</key>
			<string>sourcecode.c.h</string>
			<key>path</key>
			<string>SBDataManager.h</string>
			<key>sourceTree</key>
			<string>&lt;group&gt;</string>
		</dict>
		<key>BC1DD2F618BFA155006CA542</key>
		<dict>
			<key>fileEncoding</key>
			<string>4</string>
			<key>isa</key>
			<string>PBXFileReference</string>
			<key>lastKnownFileType</key>
			<string>sourcecode.c.objc</string>
			<key>path</key>
			<string>SBDataManager.m</string>
			<key>sourceTree</key>
			<string>&lt;group&gt;</string>
		</dict>
		<key>BC1DD2F718BFA155006CA542</key>
		<dict>
			<key>fileRef</key>
			<string>BC1DD2F618BFA155006CA542</string>
			<key>isa</key>
			<string>PBXBuildFile</string>
		</dict>
		<key>BC33F3641914A1A500C80E6C</key>
		<dict>
			<key>fileEncoding</key>
			<string>4</string>
			<key>isa</key>
			<string>PBXFileReference</string>
			<key>lastKnownFileType</key>
			<string>sourcecode.c.h</string>
			<key>path</key>
			<string>SBConditions.h</string>
			<key>sourceTree</key>
			<string>&lt;group&gt;</string>
		</dict>
		<key>BC488CA0195CD6C400310801</key>
		<dict>
			<key>fileEncoding</key>
			<string>4</string>
			<key>isa</key>
			<string>PBXFileReference</string>
			<key>lastKnownFileType</key>
			<string>sourcecode.c.h</string>
			<key>path</key>
			<string>SBSegmentedControl.h</string>
			<key>sourceTree</key>
			<string>&lt;group&gt;</string>
		</dict>
		<key>BC488CA1195CD6C400310801</key>
		<dict>
			<key>fileEncoding</key>
			<string>4</string>
			<key>isa</key>
			<string>PBXFileReference</string>
			<key>lastKnownFileType</key>
			<string>sourcecode.c.objc</string>
			<key>path</key>
			<string>SBSegmentedControl.m</string>
			<key>sourceTree</key>
			<string>&lt;group&gt;</string>
		</dict>
		<key>BC488CA2195CD6C400310801</key>
		<dict>
			<key>fileRef</key>
			<string>BC488CA1195CD6C400310801</string>
			<key>isa</key>
			<string>PBXBuildFile</string>
		</dict>
		<key>BC488CA3195DF2BA00310801</key>
		<dict>
			<key>fileEncoding</key>
			<string>4</string>
			<key>isa</key>
			<string>PBXFileReference</string>
			<key>lastKnownFileType</key>
			<string>sourcecode.c.h</string>
			<key>path</key>
			<string>SBVolumeCondition.h</string>
			<key>sourceTree</key>
			<string>&lt;group&gt;</string>
		</dict>
		<key>BC488CA4195DF2BA00310801</key>
		<dict>
			<key>fileEncoding</key>
			<string>4</string>
			<key>isa</key>
			<string>PBXFileReference</string>
			<key>lastKnownFileType</key>
			<string>sourcecode.c.objc</string>
			<key>path</key>
			<string>SBVolumeCondition.m</string>
			<key>sourceTree</key>
			<string>&lt;group&gt;</string>
		</dict>
		<key>BC488CA5195DF2BA00310801</key>
		<dict>
			<key>fileRef</key>
			<string>BC488CA4195DF2BA00310801</string>
			<key>isa</key>
			<string>PBXBuildFile</string>
		</dict>
		<key>BC4AE16A196871A1009B3B74</key>
		<dict>
			<key>fileEncoding</key>
			<string>4</string>
			<key>isa</key>
			<string>PBXFileReference</string>
			<key>lastKnownFileType</key>
			<string>sourcecode.c.h</string>
			<key>path</key>
			<string>SBMandatoryCondition.h</string>
			<key>sourceTree</key>
			<string>&lt;group&gt;</string>
		</dict>
		<key>BC4AE16B196871A1009B3B74</key>
		<dict>
			<key>fileEncoding</key>
			<string>4</string>
			<key>isa</key>
			<string>PBXFileReference</string>
			<key>lastKnownFileType</key>
			<string>sourcecode.c.objc</string>
			<key>path</key>
			<string>SBMandatoryCondition.m</string>
			<key>sourceTree</key>
			<string>&lt;group&gt;</string>
		</dict>
		<key>BC4AE16C196871A1009B3B74</key>
		<dict>
			<key>fileRef</key>
			<string>BC4AE16B196871A1009B3B74</string>
			<key>isa</key>
			<string>PBXBuildFile</string>
		</dict>
		<key>BC4AE16D1968785E009B3B74</key>
		<dict>
			<key>fileEncoding</key>
			<string>4</string>
			<key>isa</key>
			<string>PBXFileReference</string>
			<key>lastKnownFileType</key>
			<string>sourcecode.c.h</string>
			<key>path</key>
			<string>TradeMethodCondition.h</string>
			<key>sourceTree</key>
			<string>&lt;group&gt;</string>
		</dict>
		<key>BC4AE16E1968785E009B3B74</key>
		<dict>
			<key>fileEncoding</key>
			<string>4</string>
			<key>isa</key>
			<string>PBXFileReference</string>
			<key>lastKnownFileType</key>
			<string>sourcecode.c.objc</string>
			<key>path</key>
			<string>TradeMethodCondition.m</string>
			<key>sourceTree</key>
			<string>&lt;group&gt;</string>
		</dict>
		<key>BC4AE16F1968785E009B3B74</key>
		<dict>
			<key>fileRef</key>
			<string>BC4AE16E1968785E009B3B74</string>
			<key>isa</key>
			<string>PBXBuildFile</string>
		</dict>
		<key>BC4AE17019687879009B3B74</key>
		<dict>
			<key>fileEncoding</key>
			<string>4</string>
			<key>isa</key>
			<string>PBXFileReference</string>
			<key>lastKnownFileType</key>
			<string>sourcecode.c.h</string>
			<key>path</key>
			<string>SBPriceTypeCondition.h</string>
			<key>sourceTree</key>
			<string>&lt;group&gt;</string>
		</dict>
		<key>BC4AE17119687879009B3B74</key>
		<dict>
			<key>fileEncoding</key>
			<string>4</string>
			<key>isa</key>
			<string>PBXFileReference</string>
			<key>lastKnownFileType</key>
			<string>sourcecode.c.objc</string>
			<key>path</key>
			<string>SBPriceTypeCondition.m</string>
			<key>sourceTree</key>
			<string>&lt;group&gt;</string>
		</dict>
		<key>BC4AE17219687879009B3B74</key>
		<dict>
			<key>fileRef</key>
			<string>BC4AE17119687879009B3B74</string>
			<key>isa</key>
			<string>PBXBuildFile</string>
		</dict>
		<key>BC4AFC7F18DA777D00C888D9</key>
		<dict>
			<key>fileEncoding</key>
			<string>4</string>
			<key>isa</key>
			<string>PBXFileReference</string>
			<key>lastKnownFileType</key>
			<string>sourcecode.c.h</string>
			<key>path</key>
			<string>SBStockGraphView.h</string>
			<key>sourceTree</key>
			<string>&lt;group&gt;</string>
		</dict>
		<key>BC4AFC8018DA777D00C888D9</key>
		<dict>
			<key>fileEncoding</key>
			<string>4</string>
			<key>isa</key>
			<string>PBXFileReference</string>
			<key>lastKnownFileType</key>
			<string>sourcecode.c.objc</string>
			<key>path</key>
			<string>SBStockGraphView.m</string>
			<key>sourceTree</key>
			<string>&lt;group&gt;</string>
		</dict>
		<key>BC4AFC8118DA777D00C888D9</key>
		<dict>
			<key>fileRef</key>
			<string>BC4AFC8018DA777D00C888D9</string>
			<key>isa</key>
			<string>PBXBuildFile</string>
		</dict>
		<key>BC60A9E119350C46007FDEE0</key>
		<dict>
			<key>fileEncoding</key>
			<string>4</string>
			<key>isa</key>
			<string>PBXFileReference</string>
			<key>lastKnownFileType</key>
			<string>sourcecode.c.h</string>
			<key>path</key>
			<string>SBBrokersTableViewController.h</string>
			<key>sourceTree</key>
			<string>&lt;group&gt;</string>
		</dict>
		<key>BC60A9E219350C46007FDEE0</key>
		<dict>
			<key>fileEncoding</key>
			<string>4</string>
			<key>isa</key>
			<string>PBXFileReference</string>
			<key>lastKnownFileType</key>
			<string>sourcecode.c.objc</string>
			<key>path</key>
			<string>SBBrokersTableViewController.m</string>
			<key>sourceTree</key>
			<string>&lt;group&gt;</string>
		</dict>
		<key>BC60A9E319350C46007FDEE0</key>
		<dict>
			<key>fileRef</key>
			<string>BC60A9E219350C46007FDEE0</string>
			<key>isa</key>
			<string>PBXBuildFile</string>
		</dict>
		<key>BC60A9E4193529CB007FDEE0</key>
		<dict>
			<key>children</key>
			<array>
				<string>BC64E7C6195A28B800ED81DC</string>
				<string>BC64E7C7195A28B800ED81DC</string>
				<string>BC60A9E5193529EF007FDEE0</string>
				<string>BC60A9E619352A11007FDEE0</string>
				<string>BC9FBF80193E539D000B1942</string>
				<string>BC9FBF81193E539D000B1942</string>
			</array>
			<key>isa</key>
			<string>PBXGroup</string>
			<key>name</key>
			<string>Class Additions</string>
			<key>sourceTree</key>
			<string>&lt;group&gt;</string>
		</dict>
		<key>BC60A9E5193529EF007FDEE0</key>
		<dict>
			<key>isa</key>
			<string>PBXFileReference</string>
			<key>lastKnownFileType</key>
			<string>sourcecode.c.h</string>
			<key>path</key>
			<string>NSString+SBAdditions.h</string>
			<key>sourceTree</key>
			<string>&lt;group&gt;</string>
		</dict>
		<key>BC60A9E619352A11007FDEE0</key>
		<dict>
			<key>fileEncoding</key>
			<string>4</string>
			<key>isa</key>
			<string>PBXFileReference</string>
			<key>lastKnownFileType</key>
			<string>sourcecode.c.objc</string>
			<key>path</key>
			<string>NSString+SBAdditions.m</string>
			<key>sourceTree</key>
			<string>&lt;group&gt;</string>
		</dict>
		<key>BC60A9E719352A11007FDEE0</key>
		<dict>
			<key>fileRef</key>
			<string>BC60A9E619352A11007FDEE0</string>
			<key>isa</key>
			<string>PBXBuildFile</string>
		</dict>
		<key>BC60A9E81937B903007FDEE0</key>
		<dict>
			<key>fileEncoding</key>
			<string>4</string>
			<key>isa</key>
			<string>PBXFileReference</string>
			<key>lastKnownFileType</key>
			<string>file.storyboard</string>
			<key>path</key>
			<string>Login.storyboard</string>
			<key>sourceTree</key>
			<string>&lt;group&gt;</string>
		</dict>
		<key>BC60A9E91937B903007FDEE0</key>
		<dict>
			<key>fileRef</key>
			<string>BC60A9E81937B903007FDEE0</string>
			<key>isa</key>
			<string>PBXBuildFile</string>
		</dict>
		<key>BC64E7C6195A28B800ED81DC</key>
		<dict>
			<key>fileEncoding</key>
			<string>4</string>
			<key>isa</key>
			<string>PBXFileReference</string>
			<key>lastKnownFileType</key>
			<string>sourcecode.c.h</string>
			<key>path</key>
			<string>UIImage+SBAdditions.h</string>
			<key>sourceTree</key>
			<string>&lt;group&gt;</string>
		</dict>
		<key>BC64E7C7195A28B800ED81DC</key>
		<dict>
			<key>fileEncoding</key>
			<string>4</string>
			<key>isa</key>
			<string>PBXFileReference</string>
			<key>lastKnownFileType</key>
			<string>sourcecode.c.objc</string>
			<key>path</key>
			<string>UIImage+SBAdditions.m</string>
			<key>sourceTree</key>
			<string>&lt;group&gt;</string>
		</dict>
		<key>BC64E7C8195A28B800ED81DC</key>
		<dict>
			<key>fileRef</key>
			<string>BC64E7C7195A28B800ED81DC</string>
			<key>isa</key>
			<string>PBXBuildFile</string>
		</dict>
		<key>BC64F38D18FF305300641E14</key>
		<dict>
			<key>fileEncoding</key>
			<string>4</string>
			<key>isa</key>
			<string>PBXFileReference</string>
			<key>lastKnownFileType</key>
			<string>sourcecode.c.h</string>
			<key>path</key>
			<string>SBLoginViewController.h</string>
			<key>sourceTree</key>
			<string>&lt;group&gt;</string>
		</dict>
		<key>BC64F38E18FF305300641E14</key>
		<dict>
			<key>fileEncoding</key>
			<string>4</string>
			<key>isa</key>
			<string>PBXFileReference</string>
			<key>lastKnownFileType</key>
			<string>sourcecode.c.objc</string>
			<key>path</key>
			<string>SBLoginViewController.m</string>
			<key>sourceTree</key>
			<string>&lt;group&gt;</string>
		</dict>
		<key>BC64F38F18FF305300641E14</key>
		<dict>
			<key>fileRef</key>
			<string>BC64F38E18FF305300641E14</string>
			<key>isa</key>
			<string>PBXBuildFile</string>
		</dict>
		<key>BC64F39019005D0D00641E14</key>
		<dict>
			<key>fileEncoding</key>
			<string>4</string>
			<key>isa</key>
			<string>PBXFileReference</string>
			<key>lastKnownFileType</key>
			<string>sourcecode.c.h</string>
			<key>path</key>
			<string>SBUserAlgoTableViewController.h</string>
			<key>sourceTree</key>
			<string>&lt;group&gt;</string>
		</dict>
		<key>BC64F39119005D0D00641E14</key>
		<dict>
			<key>fileEncoding</key>
			<string>4</string>
			<key>isa</key>
			<string>PBXFileReference</string>
			<key>lastKnownFileType</key>
			<string>sourcecode.c.objc</string>
			<key>path</key>
			<string>SBUserAlgoTableViewController.m</string>
			<key>sourceTree</key>
			<string>&lt;group&gt;</string>
		</dict>
		<key>BC64F39219005D0D00641E14</key>
		<dict>
			<key>fileRef</key>
			<string>BC64F39119005D0D00641E14</string>
			<key>isa</key>
			<string>PBXBuildFile</string>
		</dict>
		<key>BC7D247018D8051700CCF8A9</key>
		<dict>
			<key>fileEncoding</key>
			<string>4</string>
			<key>isa</key>
			<string>PBXFileReference</string>
			<key>lastKnownFileType</key>
			<string>sourcecode.c.h</string>
			<key>path</key>
			<string>SBAlgoConditionTableViewCell.h</string>
			<key>sourceTree</key>
			<string>&lt;group&gt;</string>
		</dict>
		<key>BC7D247118D8051700CCF8A9</key>
		<dict>
			<key>fileEncoding</key>
			<string>4</string>
			<key>isa</key>
			<string>PBXFileReference</string>
			<key>lastKnownFileType</key>
			<string>sourcecode.c.objc</string>
			<key>path</key>
			<string>SBAlgoConditionTableViewCell.m</string>
			<key>sourceTree</key>
			<string>&lt;group&gt;</string>
		</dict>
		<key>BC7D247218D8051700CCF8A9</key>
		<dict>
			<key>fileRef</key>
			<string>BC7D247118D8051700CCF8A9</string>
			<key>isa</key>
			<string>PBXBuildFile</string>
		</dict>
		<key>BC7D247318D8051D00CCF8A9</key>
		<dict>
			<key>children</key>
			<array>
				<string>BC7D247018D8051700CCF8A9</string>
				<string>BC7D247118D8051700CCF8A9</string>
				<string>BCEB9C27192DD393001D042D</string>
				<string>BCEB9C28192DD393001D042D</string>
				<string>BC7D247418D805A400CCF8A9</string>
				<string>BC7D247518D805A400CCF8A9</string>
				<string>BC4AFC7F18DA777D00C888D9</string>
				<string>BC4AFC8018DA777D00C888D9</string>
				<string>BCF29656193E796E00E5892B</string>
				<string>BCF29657193E796E00E5892B</string>
				<string>BC9FBF83193E5F81000B1942</string>
				<string>BC9FBF84193E5F81000B1942</string>
				<string>BC60A9E81937B903007FDEE0</string>
				<string>BCA2158D1946156100948D76</string>
				<string>BCF937E6195E26D00019C954</string>
				<string>BC9346C9195A14B700130ED8</string>
				<string>BC9346CA195A14B700130ED8</string>
				<string>BC488CA0195CD6C400310801</string>
				<string>BC488CA1195CD6C400310801</string>
			</array>
			<key>isa</key>
			<string>PBXGroup</string>
			<key>name</key>
			<string>View</string>
			<key>sourceTree</key>
			<string>&lt;group&gt;</string>
		</dict>
		<key>BC7D247418D805A400CCF8A9</key>
		<dict>
			<key>fileEncoding</key>
			<string>4</string>
			<key>isa</key>
			<string>PBXFileReference</string>
			<key>lastKnownFileType</key>
			<string>sourcecode.c.h</string>
			<key>path</key>
			<string>SBStocksTableViewCell.h</string>
			<key>sourceTree</key>
			<string>&lt;group&gt;</string>
		</dict>
		<key>BC7D247518D805A400CCF8A9</key>
		<dict>
			<key>fileEncoding</key>
			<string>4</string>
			<key>isa</key>
			<string>PBXFileReference</string>
			<key>lastKnownFileType</key>
			<string>sourcecode.c.objc</string>
			<key>path</key>
			<string>SBStocksTableViewCell.m</string>
			<key>sourceTree</key>
			<string>&lt;group&gt;</string>
		</dict>
		<key>BC7D247618D805A400CCF8A9</key>
		<dict>
			<key>fileRef</key>
			<string>BC7D247518D805A400CCF8A9</string>
			<key>isa</key>
			<string>PBXBuildFile</string>
		</dict>
		<key>BC809FD818BE96990014C48B</key>
		<dict>
			<key>fileEncoding</key>
			<string>4</string>
			<key>isa</key>
			<string>PBXFileReference</string>
			<key>lastKnownFileType</key>
			<string>sourcecode.c.h</string>
			<key>path</key>
			<string>SBAlgosDetailViewController.h</string>
			<key>sourceTree</key>
			<string>&lt;group&gt;</string>
		</dict>
		<key>BC809FD918BE96990014C48B</key>
		<dict>
			<key>fileEncoding</key>
			<string>4</string>
			<key>isa</key>
			<string>PBXFileReference</string>
			<key>lastKnownFileType</key>
			<string>sourcecode.c.objc</string>
			<key>path</key>
			<string>SBAlgosDetailViewController.m</string>
			<key>sourceTree</key>
			<string>&lt;group&gt;</string>
		</dict>
		<key>BC809FDA18BE96990014C48B</key>
		<dict>
			<key>fileEncoding</key>
			<string>4</string>
			<key>isa</key>
			<string>PBXFileReference</string>
			<key>lastKnownFileType</key>
			<string>sourcecode.c.h</string>
			<key>path</key>
			<string>SBAlgosSelectionTableViewController.h</string>
			<key>sourceTree</key>
			<string>&lt;group&gt;</string>
		</dict>
		<key>BC809FDB18BE96990014C48B</key>
		<dict>
			<key>fileEncoding</key>
			<string>4</string>
			<key>isa</key>
			<string>PBXFileReference</string>
			<key>lastKnownFileType</key>
			<string>sourcecode.c.objc</string>
			<key>path</key>
			<string>SBAlgosSelectionTableViewController.m</string>
			<key>sourceTree</key>
			<string>&lt;group&gt;</string>
		</dict>
		<key>BC809FDC18BE96990014C48B</key>
		<dict>
			<key>fileEncoding</key>
			<string>4</string>
			<key>isa</key>
			<string>PBXFileReference</string>
			<key>lastKnownFileType</key>
			<string>sourcecode.c.h</string>
			<key>path</key>
			<string>SBAlgosViewController.h</string>
			<key>sourceTree</key>
			<string>&lt;group&gt;</string>
		</dict>
		<key>BC809FDD18BE96990014C48B</key>
		<dict>
			<key>fileEncoding</key>
			<string>4</string>
			<key>isa</key>
			<string>PBXFileReference</string>
			<key>lastKnownFileType</key>
			<string>sourcecode.c.objc</string>
			<key>path</key>
			<string>SBAlgosViewController.m</string>
			<key>sourceTree</key>
			<string>&lt;group&gt;</string>
		</dict>
		<key>BC809FDE18BE96990014C48B</key>
		<dict>
			<key>fileEncoding</key>
			<string>4</string>
			<key>isa</key>
			<string>PBXFileReference</string>
			<key>lastKnownFileType</key>
			<string>sourcecode.c.h</string>
			<key>path</key>
			<string>SBConstants.h</string>
			<key>sourceTree</key>
			<string>&lt;group&gt;</string>
		</dict>
		<key>BC809FDF18BE96990014C48B</key>
		<dict>
			<key>fileEncoding</key>
			<string>4</string>
			<key>isa</key>
			<string>PBXFileReference</string>
			<key>lastKnownFileType</key>
			<string>sourcecode.c.h</string>
			<key>path</key>
			<string>SBStocksDetailViewController.h</string>
			<key>sourceTree</key>
			<string>&lt;group&gt;</string>
		</dict>
		<key>BC809FE018BE96990014C48B</key>
		<dict>
			<key>fileEncoding</key>
			<string>4</string>
			<key>isa</key>
			<string>PBXFileReference</string>
			<key>lastKnownFileType</key>
			<string>sourcecode.c.objc</string>
			<key>path</key>
			<string>SBStocksDetailViewController.m</string>
			<key>sourceTree</key>
			<string>&lt;group&gt;</string>
		</dict>
		<key>BC809FE118BE96990014C48B</key>
		<dict>
			<key>fileEncoding</key>
			<string>4</string>
			<key>isa</key>
			<string>PBXFileReference</string>
			<key>lastKnownFileType</key>
			<string>sourcecode.c.h</string>
			<key>path</key>
			<string>SBStocksListTableViewController.h</string>
			<key>sourceTree</key>
			<string>&lt;group&gt;</string>
		</dict>
		<key>BC809FE218BE96990014C48B</key>
		<dict>
			<key>fileEncoding</key>
			<string>4</string>
			<key>isa</key>
			<string>PBXFileReference</string>
			<key>lastKnownFileType</key>
			<string>sourcecode.c.objc</string>
			<key>path</key>
			<string>SBStocksListTableViewController.m</string>
			<key>sourceTree</key>
			<string>&lt;group&gt;</string>
		</dict>
		<key>BC809FE318BE96990014C48B</key>
		<dict>
			<key>fileEncoding</key>
			<string>4</string>
			<key>isa</key>
			<string>PBXFileReference</string>
			<key>lastKnownFileType</key>
			<string>sourcecode.c.h</string>
			<key>path</key>
			<string>SBStocksViewController.h</string>
			<key>sourceTree</key>
			<string>&lt;group&gt;</string>
		</dict>
		<key>BC809FE418BE96990014C48B</key>
		<dict>
			<key>fileEncoding</key>
			<string>4</string>
			<key>isa</key>
			<string>PBXFileReference</string>
			<key>lastKnownFileType</key>
			<string>sourcecode.c.objc</string>
			<key>path</key>
			<string>SBStocksViewController.m</string>
			<key>sourceTree</key>
			<string>&lt;group&gt;</string>
		</dict>
		<key>BC809FE518BE96990014C48B</key>
		<dict>
			<key>fileEncoding</key>
			<string>4</string>
			<key>isa</key>
			<string>PBXFileReference</string>
			<key>lastKnownFileType</key>
			<string>sourcecode.c.h</string>
			<key>path</key>
			<string>SBViewController.h</string>
			<key>sourceTree</key>
			<string>&lt;group&gt;</string>
		</dict>
		<key>BC809FE618BE96990014C48B</key>
		<dict>
			<key>fileEncoding</key>
			<string>4</string>
			<key>isa</key>
			<string>PBXFileReference</string>
			<key>lastKnownFileType</key>
			<string>sourcecode.c.objc</string>
			<key>path</key>
			<string>SBViewController.m</string>
			<key>sourceTree</key>
			<string>&lt;group&gt;</string>
		</dict>
		<key>BC809FE718BE96990014C48B</key>
		<dict>
			<key>fileRef</key>
			<string>BC809FD918BE96990014C48B</string>
			<key>isa</key>
			<string>PBXBuildFile</string>
		</dict>
		<key>BC809FE818BE96990014C48B</key>
		<dict>
			<key>fileRef</key>
			<string>BC809FDB18BE96990014C48B</string>
			<key>isa</key>
			<string>PBXBuildFile</string>
		</dict>
		<key>BC809FE918BE96990014C48B</key>
		<dict>
			<key>fileRef</key>
			<string>BC809FDD18BE96990014C48B</string>
			<key>isa</key>
			<string>PBXBuildFile</string>
		</dict>
		<key>BC809FEA18BE96990014C48B</key>
		<dict>
			<key>fileRef</key>
			<string>BC809FE018BE96990014C48B</string>
			<key>isa</key>
			<string>PBXBuildFile</string>
		</dict>
		<key>BC809FEB18BE96990014C48B</key>
		<dict>
			<key>fileRef</key>
			<string>BC809FE218BE96990014C48B</string>
			<key>isa</key>
			<string>PBXBuildFile</string>
		</dict>
		<key>BC809FEC18BE96990014C48B</key>
		<dict>
			<key>fileRef</key>
			<string>BC809FE418BE96990014C48B</string>
			<key>isa</key>
			<string>PBXBuildFile</string>
		</dict>
		<key>BC809FED18BE96990014C48B</key>
		<dict>
			<key>fileRef</key>
			<string>BC809FE618BE96990014C48B</string>
			<key>isa</key>
			<string>PBXBuildFile</string>
		</dict>
		<key>BC9346C9195A14B700130ED8</key>
		<dict>
			<key>fileEncoding</key>
			<string>4</string>
			<key>isa</key>
			<string>PBXFileReference</string>
			<key>lastKnownFileType</key>
			<string>sourcecode.c.h</string>
			<key>path</key>
			<string>SBTableViewController.h</string>
			<key>sourceTree</key>
			<string>&lt;group&gt;</string>
		</dict>
		<key>BC9346CA195A14B700130ED8</key>
		<dict>
			<key>fileEncoding</key>
			<string>4</string>
			<key>isa</key>
			<string>PBXFileReference</string>
			<key>lastKnownFileType</key>
			<string>sourcecode.c.objc</string>
			<key>path</key>
			<string>SBTableViewController.m</string>
			<key>sourceTree</key>
			<string>&lt;group&gt;</string>
		</dict>
		<key>BC9346CB195A14B700130ED8</key>
		<dict>
			<key>fileRef</key>
			<string>BC9346CA195A14B700130ED8</string>
			<key>isa</key>
			<string>PBXBuildFile</string>
		</dict>
		<key>BC9A087E18BE54F9000E16C3</key>
		<dict>
			<key>children</key>
			<array>
				<string>BC9A089018BE54F9000E16C3</string>
				<string>BC9A08A918BE54F9000E16C3</string>
				<string>BC9A088918BE54F9000E16C3</string>
				<string>BC9A088818BE54F9000E16C3</string>
				<string>56A73869EA1CC6ECF4EECDDB</string>
			</array>
			<key>isa</key>
			<string>PBXGroup</string>
			<key>sourceTree</key>
			<string>&lt;group&gt;</string>
		</dict>
		<key>BC9A087F18BE54F9000E16C3</key>
		<dict>
			<key>attributes</key>
			<dict>
				<key>CLASSPREFIX</key>
				<string>SB</string>
				<key>LastUpgradeCheck</key>
				<string>0510</string>
				<key>ORGANIZATIONNAME</key>
				<string>Robert Guo</string>
				<key>TargetAttributes</key>
				<dict>
					<key>BC9A088618BE54F9000E16C3</key>
					<dict>
						<key>DevelopmentTeam</key>
						<string>7J555P3K78</string>
						<key>SystemCapabilities</key>
						<dict>
							<key>com.apple.iCloud</key>
							<dict>
								<key>enabled</key>
								<string>0</string>
							</dict>
						</dict>
					</dict>
					<key>BC9A08A118BE54F9000E16C3</key>
					<dict>
						<key>TestTargetID</key>
						<string>BC9A088618BE54F9000E16C3</string>
					</dict>
				</dict>
			</dict>
			<key>buildConfigurationList</key>
			<string>BC9A088218BE54F9000E16C3</string>
			<key>compatibilityVersion</key>
			<string>Xcode 3.2</string>
			<key>developmentRegion</key>
			<string>English</string>
			<key>hasScannedForEncodings</key>
			<string>0</string>
			<key>isa</key>
			<string>PBXProject</string>
			<key>knownRegions</key>
			<array>
				<string>en</string>
			</array>
			<key>mainGroup</key>
			<string>BC9A087E18BE54F9000E16C3</string>
			<key>productRefGroup</key>
			<string>BC9A088818BE54F9000E16C3</string>
			<key>projectDirPath</key>
			<string></string>
			<key>projectReferences</key>
			<array/>
			<key>projectRoot</key>
			<string></string>
			<key>targets</key>
			<array>
				<string>BC9A088618BE54F9000E16C3</string>
				<string>BC9A08A118BE54F9000E16C3</string>
			</array>
		</dict>
		<key>BC9A088218BE54F9000E16C3</key>
		<dict>
			<key>buildConfigurations</key>
			<array>
				<string>BC9A08B118BE54F9000E16C3</string>
				<string>BC9A08B218BE54F9000E16C3</string>
			</array>
			<key>defaultConfigurationIsVisible</key>
			<string>0</string>
			<key>defaultConfigurationName</key>
			<string>Release</string>
			<key>isa</key>
			<string>XCConfigurationList</string>
		</dict>
		<key>BC9A088318BE54F9000E16C3</key>
		<dict>
			<key>buildActionMask</key>
			<string>2147483647</string>
			<key>files</key>
			<array>
				<string>BC9A089718BE54F9000E16C3</string>
				<string>BCB4128F192EAA7F00A6706E</string>
				<string>BCA6F0F719108AFE00D4A34D</string>
				<string>BC60A9E719352A11007FDEE0</string>
				<string>BC60A9E319350C46007FDEE0</string>
				<string>BCF937EA195F3B6B0019C954</string>
				<string>BCBB200918E48FDE0085FFD3</string>
				<string>BCA6F0FA1911659100D4A34D</string>
				<string>BC809FE718BE96990014C48B</string>
				<string>BCDB2BC618D30AE300CBF07E</string>
				<string>BCBFA1FE192E8B5000A6D17E</string>
				<string>BC7D247618D805A400CCF8A9</string>
				<string>BCA2158C1946154900948D76</string>
				<string>BC64F39219005D0D00641E14</string>
				<string>BC809FE918BE96990014C48B</string>
				<string>BC4AFC8118DA777D00C888D9</string>
				<string>BC4AE16C196871A1009B3B74</string>
				<string>BC64E7C8195A28B800ED81DC</string>
				<string>BCF937ED195F74590019C954</string>
				<string>BC9FBF85193E5F81000B1942</string>
				<string>BC809FE818BE96990014C48B</string>
				<string>BC9A089B18BE54F9000E16C3</string>
				<string>BC1DD2F718BFA155006CA542</string>
				<string>BC9346CB195A14B700130ED8</string>
				<string>BCF29658193E796E00E5892B</string>
				<string>BC7D247218D8051700CCF8A9</string>
				<string>BCA6F0FD191166E900D4A34D</string>
				<string>BC9FBF82193E539D000B1942</string>
				<string>BC488CA2195CD6C400310801</string>
				<string>BC809FEA18BE96990014C48B</string>
				<string>BC4AE17219687879009B3B74</string>
				<string>BC488CA5195DF2BA00310801</string>
				<string>BCEB9C29192DD393001D042D</string>
				<string>BC809FEC18BE96990014C48B</string>
				<string>BC809FED18BE96990014C48B</string>
				<string>BC809FEB18BE96990014C48B</string>
				<string>BC64F38F18FF305300641E14</string>
				<string>BC4AE16F1968785E009B3B74</string>
			</array>
			<key>isa</key>
			<string>PBXSourcesBuildPhase</string>
			<key>runOnlyForDeploymentPostprocessing</key>
			<string>0</string>
		</dict>
		<key>BC9A088418BE54F9000E16C3</key>
		<dict>
			<key>buildActionMask</key>
			<string>2147483647</string>
			<key>files</key>
			<array>
				<string>BC9A088D18BE54F9000E16C3</string>
				<string>BC9A088F18BE54F9000E16C3</string>
				<string>BC9A088B18BE54F9000E16C3</string>
				<string>EC267C20C7EE4CB29CB2B68A</string>
			</array>
			<key>isa</key>
			<string>PBXFrameworksBuildPhase</string>
			<key>runOnlyForDeploymentPostprocessing</key>
			<string>0</string>
		</dict>
		<key>BC9A088518BE54F9000E16C3</key>
		<dict>
			<key>buildActionMask</key>
			<string>2147483647</string>
			<key>files</key>
			<array>
				<string>BC60A9E91937B903007FDEE0</string>
				<string>BC9A089518BE54F9000E16C3</string>
				<string>BCDB2BC218D2CB4500CBF07E</string>
				<string>BC9A089D18BE54F9000E16C3</string>
				<string>BCF937E7195E26D00019C954</string>
				<string>BCA2158E1946156100948D76</string>
			</array>
			<key>isa</key>
			<string>PBXResourcesBuildPhase</string>
			<key>runOnlyForDeploymentPostprocessing</key>
			<string>0</string>
		</dict>
		<key>BC9A088618BE54F9000E16C3</key>
		<dict>
			<key>buildConfigurationList</key>
			<string>BC9A08B318BE54F9000E16C3</string>
			<key>buildPhases</key>
			<array>
				<string>33DB24EB0E6B47AA9DAB70EA</string>
				<string>BC9A088318BE54F9000E16C3</string>
				<string>BC9A088418BE54F9000E16C3</string>
				<string>BC9A088518BE54F9000E16C3</string>
				<string>4FBC044ABBEA4A23879F7DBE</string>
				<string>BC9FBF7F193E5215000B1942</string>
			</array>
			<key>buildRules</key>
			<array/>
			<key>dependencies</key>
			<array/>
			<key>isa</key>
			<string>PBXNativeTarget</string>
			<key>name</key>
			<string>StockBot</string>
			<key>productName</key>
			<string>StockBot</string>
			<key>productReference</key>
			<string>BC9A088718BE54F9000E16C3</string>
			<key>productType</key>
			<string>com.apple.product-type.application</string>
		</dict>
		<key>BC9A088718BE54F9000E16C3</key>
		<dict>
			<key>explicitFileType</key>
			<string>wrapper.application</string>
			<key>includeInIndex</key>
			<string>0</string>
			<key>isa</key>
			<string>PBXFileReference</string>
			<key>path</key>
			<string>stockup.app</string>
			<key>sourceTree</key>
			<string>BUILT_PRODUCTS_DIR</string>
		</dict>
		<key>BC9A088818BE54F9000E16C3</key>
		<dict>
			<key>children</key>
			<array>
				<string>BC9A088718BE54F9000E16C3</string>
				<string>BC9A08A218BE54F9000E16C3</string>
			</array>
			<key>isa</key>
			<string>PBXGroup</string>
			<key>name</key>
			<string>Products</string>
			<key>sourceTree</key>
			<string>&lt;group&gt;</string>
		</dict>
		<key>BC9A088918BE54F9000E16C3</key>
		<dict>
			<key>children</key>
			<array>
				<string>BC9A088A18BE54F9000E16C3</string>
				<string>BC9A088C18BE54F9000E16C3</string>
				<string>BC9A088E18BE54F9000E16C3</string>
				<string>BC9A08A318BE54F9000E16C3</string>
				<string>12C8621A9D524040AEBF887E</string>
			</array>
			<key>isa</key>
			<string>PBXGroup</string>
			<key>name</key>
			<string>Frameworks</string>
			<key>sourceTree</key>
			<string>&lt;group&gt;</string>
		</dict>
		<key>BC9A088A18BE54F9000E16C3</key>
		<dict>
			<key>isa</key>
			<string>PBXFileReference</string>
			<key>lastKnownFileType</key>
			<string>wrapper.framework</string>
			<key>name</key>
			<string>Foundation.framework</string>
			<key>path</key>
			<string>System/Library/Frameworks/Foundation.framework</string>
			<key>sourceTree</key>
			<string>SDKROOT</string>
		</dict>
		<key>BC9A088B18BE54F9000E16C3</key>
		<dict>
			<key>fileRef</key>
			<string>BC9A088A18BE54F9000E16C3</string>
			<key>isa</key>
			<string>PBXBuildFile</string>
		</dict>
		<key>BC9A088C18BE54F9000E16C3</key>
		<dict>
			<key>isa</key>
			<string>PBXFileReference</string>
			<key>lastKnownFileType</key>
			<string>wrapper.framework</string>
			<key>name</key>
			<string>CoreGraphics.framework</string>
			<key>path</key>
			<string>System/Library/Frameworks/CoreGraphics.framework</string>
			<key>sourceTree</key>
			<string>SDKROOT</string>
		</dict>
		<key>BC9A088D18BE54F9000E16C3</key>
		<dict>
			<key>fileRef</key>
			<string>BC9A088C18BE54F9000E16C3</string>
			<key>isa</key>
			<string>PBXBuildFile</string>
		</dict>
		<key>BC9A088E18BE54F9000E16C3</key>
		<dict>
			<key>isa</key>
			<string>PBXFileReference</string>
			<key>lastKnownFileType</key>
			<string>wrapper.framework</string>
			<key>name</key>
			<string>UIKit.framework</string>
			<key>path</key>
			<string>System/Library/Frameworks/UIKit.framework</string>
			<key>sourceTree</key>
			<string>SDKROOT</string>
		</dict>
		<key>BC9A088F18BE54F9000E16C3</key>
		<dict>
			<key>fileRef</key>
			<string>BC9A088E18BE54F9000E16C3</string>
			<key>isa</key>
			<string>PBXBuildFile</string>
		</dict>
		<key>BC9A089018BE54F9000E16C3</key>
		<dict>
			<key>children</key>
			<array>
				<string>BC60A9E4193529CB007FDEE0</string>
				<string>BC7D247318D8051D00CCF8A9</string>
				<string>BCDB2BC318D30ACE00CBF07E</string>
				<string>BCBB200718E48FDE0085FFD3</string>
				<string>BCBB200818E48FDE0085FFD3</string>
				<string>BC809FD818BE96990014C48B</string>
				<string>BC809FD918BE96990014C48B</string>
				<string>BC809FDA18BE96990014C48B</string>
				<string>BC809FDB18BE96990014C48B</string>
				<string>BC809FDC18BE96990014C48B</string>
				<string>BC809FDD18BE96990014C48B</string>
				<string>BC64F39019005D0D00641E14</string>
				<string>BC64F39119005D0D00641E14</string>
				<string>BCA2158A1946154900948D76</string>
				<string>BCA2158B1946154900948D76</string>
				<string>BC64F38D18FF305300641E14</string>
				<string>BC64F38E18FF305300641E14</string>
				<string>BC60A9E119350C46007FDEE0</string>
				<string>BC60A9E219350C46007FDEE0</string>
				<string>BC809FDF18BE96990014C48B</string>
				<string>BC809FE018BE96990014C48B</string>
				<string>BC809FE118BE96990014C48B</string>
				<string>BC809FE218BE96990014C48B</string>
				<string>BC809FE318BE96990014C48B</string>
				<string>BC809FE418BE96990014C48B</string>
				<string>BC809FE518BE96990014C48B</string>
				<string>BC809FE618BE96990014C48B</string>
				<string>BC9A089C18BE54F9000E16C3</string>
				<string>BC9A089118BE54F9000E16C3</string>
			</array>
			<key>isa</key>
			<string>PBXGroup</string>
			<key>path</key>
			<string>StockBot</string>
			<key>sourceTree</key>
			<string>&lt;group&gt;</string>
		</dict>
		<key>BC9A089118BE54F9000E16C3</key>
		<dict>
			<key>children</key>
			<array>
				<string>BC9A089918BE54F9000E16C3</string>
				<string>BC9A089A18BE54F9000E16C3</string>
				<string>BC809FDE18BE96990014C48B</string>
				<string>BCDB2BC118D2CB4500CBF07E</string>
				<string>BC9A089218BE54F9000E16C3</string>
				<string>BC9A089318BE54F9000E16C3</string>
				<string>BC9A089618BE54F9000E16C3</string>
				<string>BC9A089818BE54F9000E16C3</string>
			</array>
			<key>isa</key>
			<string>PBXGroup</string>
			<key>name</key>
			<string>Supporting Files</string>
			<key>sourceTree</key>
			<string>&lt;group&gt;</string>
		</dict>
		<key>BC9A089218BE54F9000E16C3</key>
		<dict>
			<key>isa</key>
			<string>PBXFileReference</string>
			<key>lastKnownFileType</key>
			<string>text.plist.xml</string>
			<key>path</key>
			<string>StockBot-Info.plist</string>
			<key>sourceTree</key>
			<string>&lt;group&gt;</string>
		</dict>
		<key>BC9A089318BE54F9000E16C3</key>
		<dict>
			<key>children</key>
			<array>
				<string>BC9A089418BE54F9000E16C3</string>
			</array>
			<key>isa</key>
			<string>PBXVariantGroup</string>
			<key>name</key>
			<string>InfoPlist.strings</string>
			<key>sourceTree</key>
			<string>&lt;group&gt;</string>
		</dict>
		<key>BC9A089418BE54F9000E16C3</key>
		<dict>
			<key>isa</key>
			<string>PBXFileReference</string>
			<key>lastKnownFileType</key>
			<string>text.plist.strings</string>
			<key>name</key>
			<string>en</string>
			<key>path</key>
			<string>en.lproj/InfoPlist.strings</string>
			<key>sourceTree</key>
			<string>&lt;group&gt;</string>
		</dict>
		<key>BC9A089518BE54F9000E16C3</key>
		<dict>
			<key>fileRef</key>
			<string>BC9A089318BE54F9000E16C3</string>
			<key>isa</key>
			<string>PBXBuildFile</string>
		</dict>
		<key>BC9A089618BE54F9000E16C3</key>
		<dict>
			<key>isa</key>
			<string>PBXFileReference</string>
			<key>lastKnownFileType</key>
			<string>sourcecode.c.objc</string>
			<key>path</key>
			<string>main.m</string>
			<key>sourceTree</key>
			<string>&lt;group&gt;</string>
		</dict>
		<key>BC9A089718BE54F9000E16C3</key>
		<dict>
			<key>fileRef</key>
			<string>BC9A089618BE54F9000E16C3</string>
			<key>isa</key>
			<string>PBXBuildFile</string>
		</dict>
		<key>BC9A089818BE54F9000E16C3</key>
		<dict>
			<key>isa</key>
			<string>PBXFileReference</string>
			<key>lastKnownFileType</key>
			<string>sourcecode.c.h</string>
			<key>path</key>
			<string>StockBot-Prefix.pch</string>
			<key>sourceTree</key>
			<string>&lt;group&gt;</string>
		</dict>
		<key>BC9A089918BE54F9000E16C3</key>
		<dict>
			<key>isa</key>
			<string>PBXFileReference</string>
			<key>lastKnownFileType</key>
			<string>sourcecode.c.h</string>
			<key>path</key>
			<string>SBAppDelegate.h</string>
			<key>sourceTree</key>
			<string>&lt;group&gt;</string>
		</dict>
		<key>BC9A089A18BE54F9000E16C3</key>
		<dict>
			<key>isa</key>
			<string>PBXFileReference</string>
			<key>lastKnownFileType</key>
			<string>sourcecode.c.objc</string>
			<key>path</key>
			<string>SBAppDelegate.m</string>
			<key>sourceTree</key>
			<string>&lt;group&gt;</string>
		</dict>
		<key>BC9A089B18BE54F9000E16C3</key>
		<dict>
			<key>fileRef</key>
			<string>BC9A089A18BE54F9000E16C3</string>
			<key>isa</key>
			<string>PBXBuildFile</string>
		</dict>
		<key>BC9A089C18BE54F9000E16C3</key>
		<dict>
			<key>isa</key>
			<string>PBXFileReference</string>
			<key>lastKnownFileType</key>
			<string>folder.assetcatalog</string>
			<key>path</key>
			<string>Images.xcassets</string>
			<key>sourceTree</key>
			<string>&lt;group&gt;</string>
		</dict>
		<key>BC9A089D18BE54F9000E16C3</key>
		<dict>
			<key>fileRef</key>
			<string>BC9A089C18BE54F9000E16C3</string>
			<key>isa</key>
			<string>PBXBuildFile</string>
		</dict>
		<key>BC9A089E18BE54F9000E16C3</key>
		<dict>
			<key>buildActionMask</key>
			<string>2147483647</string>
			<key>files</key>
			<array>
				<string>BC9A08B018BE54F9000E16C3</string>
			</array>
			<key>isa</key>
			<string>PBXSourcesBuildPhase</string>
			<key>runOnlyForDeploymentPostprocessing</key>
			<string>0</string>
		</dict>
		<key>BC9A089F18BE54F9000E16C3</key>
		<dict>
			<key>buildActionMask</key>
			<string>2147483647</string>
			<key>files</key>
			<array>
				<string>BC9A08A418BE54F9000E16C3</string>
				<string>BC9A08A618BE54F9000E16C3</string>
				<string>BC9A08A518BE54F9000E16C3</string>
			</array>
			<key>isa</key>
			<string>PBXFrameworksBuildPhase</string>
			<key>runOnlyForDeploymentPostprocessing</key>
			<string>0</string>
		</dict>
		<key>BC9A08A018BE54F9000E16C3</key>
		<dict>
			<key>buildActionMask</key>
			<string>2147483647</string>
			<key>files</key>
			<array>
				<string>BC9A08AE18BE54F9000E16C3</string>
			</array>
			<key>isa</key>
			<string>PBXResourcesBuildPhase</string>
			<key>runOnlyForDeploymentPostprocessing</key>
			<string>0</string>
		</dict>
		<key>BC9A08A118BE54F9000E16C3</key>
		<dict>
			<key>buildConfigurationList</key>
			<string>BC9A08B618BE54F9000E16C3</string>
			<key>buildPhases</key>
			<array>
				<string>BC9A089E18BE54F9000E16C3</string>
				<string>BC9A089F18BE54F9000E16C3</string>
				<string>BC9A08A018BE54F9000E16C3</string>
			</array>
			<key>buildRules</key>
			<array/>
			<key>dependencies</key>
			<array>
				<string>BC9A08A818BE54F9000E16C3</string>
			</array>
			<key>isa</key>
			<string>PBXNativeTarget</string>
			<key>name</key>
			<string>StockBotTests</string>
			<key>productName</key>
			<string>StockBotTests</string>
			<key>productReference</key>
			<string>BC9A08A218BE54F9000E16C3</string>
			<key>productType</key>
			<string>com.apple.product-type.bundle.unit-test</string>
		</dict>
		<key>BC9A08A218BE54F9000E16C3</key>
		<dict>
			<key>explicitFileType</key>
			<string>wrapper.cfbundle</string>
			<key>includeInIndex</key>
			<string>0</string>
			<key>isa</key>
			<string>PBXFileReference</string>
			<key>path</key>
			<string>StockBotTests.xctest</string>
			<key>sourceTree</key>
			<string>BUILT_PRODUCTS_DIR</string>
		</dict>
		<key>BC9A08A318BE54F9000E16C3</key>
		<dict>
			<key>isa</key>
			<string>PBXFileReference</string>
			<key>lastKnownFileType</key>
			<string>wrapper.framework</string>
			<key>name</key>
			<string>XCTest.framework</string>
			<key>path</key>
			<string>Library/Frameworks/XCTest.framework</string>
			<key>sourceTree</key>
			<string>DEVELOPER_DIR</string>
		</dict>
		<key>BC9A08A418BE54F9000E16C3</key>
		<dict>
			<key>fileRef</key>
			<string>BC9A08A318BE54F9000E16C3</string>
			<key>isa</key>
			<string>PBXBuildFile</string>
		</dict>
		<key>BC9A08A518BE54F9000E16C3</key>
		<dict>
			<key>fileRef</key>
			<string>BC9A088A18BE54F9000E16C3</string>
			<key>isa</key>
			<string>PBXBuildFile</string>
		</dict>
		<key>BC9A08A618BE54F9000E16C3</key>
		<dict>
			<key>fileRef</key>
			<string>BC9A088E18BE54F9000E16C3</string>
			<key>isa</key>
			<string>PBXBuildFile</string>
		</dict>
		<key>BC9A08A718BE54F9000E16C3</key>
		<dict>
			<key>containerPortal</key>
			<string>BC9A087F18BE54F9000E16C3</string>
			<key>isa</key>
			<string>PBXContainerItemProxy</string>
			<key>proxyType</key>
			<string>1</string>
			<key>remoteGlobalIDString</key>
			<string>BC9A088618BE54F9000E16C3</string>
			<key>remoteInfo</key>
			<string>StockBot</string>
		</dict>
		<key>BC9A08A818BE54F9000E16C3</key>
		<dict>
			<key>isa</key>
			<string>PBXTargetDependency</string>
			<key>target</key>
			<string>BC9A088618BE54F9000E16C3</string>
			<key>targetProxy</key>
			<string>BC9A08A718BE54F9000E16C3</string>
		</dict>
		<key>BC9A08A918BE54F9000E16C3</key>
		<dict>
			<key>children</key>
			<array>
				<string>BC9A08AF18BE54F9000E16C3</string>
				<string>BC9A08AA18BE54F9000E16C3</string>
			</array>
			<key>isa</key>
			<string>PBXGroup</string>
			<key>path</key>
			<string>StockBotTests</string>
			<key>sourceTree</key>
			<string>&lt;group&gt;</string>
		</dict>
		<key>BC9A08AA18BE54F9000E16C3</key>
		<dict>
			<key>children</key>
			<array>
				<string>BC9A08AB18BE54F9000E16C3</string>
				<string>BC9A08AC18BE54F9000E16C3</string>
			</array>
			<key>isa</key>
			<string>PBXGroup</string>
			<key>name</key>
			<string>Supporting Files</string>
			<key>sourceTree</key>
			<string>&lt;group&gt;</string>
		</dict>
		<key>BC9A08AB18BE54F9000E16C3</key>
		<dict>
			<key>isa</key>
			<string>PBXFileReference</string>
			<key>lastKnownFileType</key>
			<string>text.plist.xml</string>
			<key>path</key>
			<string>StockBotTests-Info.plist</string>
			<key>sourceTree</key>
			<string>&lt;group&gt;</string>
		</dict>
		<key>BC9A08AC18BE54F9000E16C3</key>
		<dict>
			<key>children</key>
			<array>
				<string>BC9A08AD18BE54F9000E16C3</string>
			</array>
			<key>isa</key>
			<string>PBXVariantGroup</string>
			<key>name</key>
			<string>InfoPlist.strings</string>
			<key>sourceTree</key>
			<string>&lt;group&gt;</string>
		</dict>
		<key>BC9A08AD18BE54F9000E16C3</key>
		<dict>
			<key>isa</key>
			<string>PBXFileReference</string>
			<key>lastKnownFileType</key>
			<string>text.plist.strings</string>
			<key>name</key>
			<string>en</string>
			<key>path</key>
			<string>en.lproj/InfoPlist.strings</string>
			<key>sourceTree</key>
			<string>&lt;group&gt;</string>
		</dict>
		<key>BC9A08AE18BE54F9000E16C3</key>
		<dict>
			<key>fileRef</key>
			<string>BC9A08AC18BE54F9000E16C3</string>
			<key>isa</key>
			<string>PBXBuildFile</string>
		</dict>
		<key>BC9A08AF18BE54F9000E16C3</key>
		<dict>
			<key>isa</key>
			<string>PBXFileReference</string>
			<key>lastKnownFileType</key>
			<string>sourcecode.c.objc</string>
			<key>path</key>
			<string>StockBotTests.m</string>
			<key>sourceTree</key>
			<string>&lt;group&gt;</string>
		</dict>
		<key>BC9A08B018BE54F9000E16C3</key>
		<dict>
			<key>fileRef</key>
			<string>BC9A08AF18BE54F9000E16C3</string>
			<key>isa</key>
			<string>PBXBuildFile</string>
		</dict>
		<key>BC9A08B118BE54F9000E16C3</key>
		<dict>
			<key>buildSettings</key>
			<dict>
				<key>ALWAYS_SEARCH_USER_PATHS</key>
				<string>NO</string>
				<key>CLANG_CXX_LANGUAGE_STANDARD</key>
				<string>gnu++0x</string>
				<key>CLANG_CXX_LIBRARY</key>
				<string>libc++</string>
				<key>CLANG_ENABLE_MODULES</key>
				<string>YES</string>
				<key>CLANG_ENABLE_OBJC_ARC</key>
				<string>YES</string>
				<key>CLANG_WARN_BOOL_CONVERSION</key>
				<string>YES</string>
				<key>CLANG_WARN_CONSTANT_CONVERSION</key>
				<string>YES</string>
				<key>CLANG_WARN_DIRECT_OBJC_ISA_USAGE</key>
				<string>YES_ERROR</string>
				<key>CLANG_WARN_EMPTY_BODY</key>
				<string>YES</string>
				<key>CLANG_WARN_ENUM_CONVERSION</key>
				<string>YES</string>
				<key>CLANG_WARN_INT_CONVERSION</key>
				<string>YES</string>
				<key>CLANG_WARN_OBJC_ROOT_CLASS</key>
				<string>YES_ERROR</string>
				<key>CLANG_WARN__DUPLICATE_METHOD_MATCH</key>
				<string>YES</string>
				<key>CODE_SIGN_IDENTITY[sdk=iphoneos*]</key>
				<string>iPhone Developer</string>
				<key>COPY_PHASE_STRIP</key>
				<string>NO</string>
				<key>GCC_C_LANGUAGE_STANDARD</key>
				<string>gnu99</string>
				<key>GCC_DYNAMIC_NO_PIC</key>
				<string>NO</string>
				<key>GCC_OPTIMIZATION_LEVEL</key>
				<string>0</string>
				<key>GCC_PREPROCESSOR_DEFINITIONS</key>
				<array>
					<string>DEBUG=1</string>
					<string>$(inherited)</string>
				</array>
				<key>GCC_SYMBOLS_PRIVATE_EXTERN</key>
				<string>NO</string>
				<key>GCC_WARN_64_TO_32_BIT_CONVERSION</key>
				<string>YES</string>
				<key>GCC_WARN_ABOUT_RETURN_TYPE</key>
				<string>YES_ERROR</string>
				<key>GCC_WARN_UNDECLARED_SELECTOR</key>
				<string>YES</string>
				<key>GCC_WARN_UNINITIALIZED_AUTOS</key>
				<string>YES_AGGRESSIVE</string>
				<key>GCC_WARN_UNUSED_FUNCTION</key>
				<string>YES</string>
				<key>GCC_WARN_UNUSED_VARIABLE</key>
				<string>YES</string>
				<key>IPHONEOS_DEPLOYMENT_TARGET</key>
				<string>7.1</string>
				<key>ONLY_ACTIVE_ARCH</key>
				<string>YES</string>
				<key>PRODUCT_NAME</key>
				<string>&#32929;&#32418;</string>
				<key>SDKROOT</key>
				<string>iphoneos</string>
				<key>TARGETED_DEVICE_FAMILY</key>
				<string>2</string>
			</dict>
			<key>isa</key>
			<string>XCBuildConfiguration</string>
			<key>name</key>
			<string>Debug</string>
		</dict>
		<key>BC9A08B218BE54F9000E16C3</key>
		<dict>
			<key>buildSettings</key>
			<dict>
				<key>ALWAYS_SEARCH_USER_PATHS</key>
				<string>NO</string>
				<key>CLANG_CXX_LANGUAGE_STANDARD</key>
				<string>gnu++0x</string>
				<key>CLANG_CXX_LIBRARY</key>
				<string>libc++</string>
				<key>CLANG_ENABLE_MODULES</key>
				<string>YES</string>
				<key>CLANG_ENABLE_OBJC_ARC</key>
				<string>YES</string>
				<key>CLANG_WARN_BOOL_CONVERSION</key>
				<string>YES</string>
				<key>CLANG_WARN_CONSTANT_CONVERSION</key>
				<string>YES</string>
				<key>CLANG_WARN_DIRECT_OBJC_ISA_USAGE</key>
				<string>YES_ERROR</string>
				<key>CLANG_WARN_EMPTY_BODY</key>
				<string>YES</string>
				<key>CLANG_WARN_ENUM_CONVERSION</key>
				<string>YES</string>
				<key>CLANG_WARN_INT_CONVERSION</key>
				<string>YES</string>
				<key>CLANG_WARN_OBJC_ROOT_CLASS</key>
				<string>YES_ERROR</string>
				<key>CLANG_WARN__DUPLICATE_METHOD_MATCH</key>
				<string>YES</string>
				<key>CODE_SIGN_IDENTITY[sdk=iphoneos*]</key>
				<string>iPhone Developer</string>
				<key>COPY_PHASE_STRIP</key>
				<string>YES</string>
				<key>ENABLE_NS_ASSERTIONS</key>
				<string>NO</string>
				<key>GCC_C_LANGUAGE_STANDARD</key>
				<string>gnu99</string>
				<key>GCC_WARN_64_TO_32_BIT_CONVERSION</key>
				<string>YES</string>
				<key>GCC_WARN_ABOUT_RETURN_TYPE</key>
				<string>YES_ERROR</string>
				<key>GCC_WARN_UNDECLARED_SELECTOR</key>
				<string>YES</string>
				<key>GCC_WARN_UNINITIALIZED_AUTOS</key>
				<string>YES_AGGRESSIVE</string>
				<key>GCC_WARN_UNUSED_FUNCTION</key>
				<string>YES</string>
				<key>GCC_WARN_UNUSED_VARIABLE</key>
				<string>YES</string>
				<key>IPHONEOS_DEPLOYMENT_TARGET</key>
				<string>7.1</string>
				<key>PRODUCT_NAME</key>
				<string>&#32929;&#32418;</string>
				<key>SDKROOT</key>
				<string>iphoneos</string>
				<key>TARGETED_DEVICE_FAMILY</key>
				<string>2</string>
				<key>VALIDATE_PRODUCT</key>
				<string>YES</string>
			</dict>
			<key>isa</key>
			<string>XCBuildConfiguration</string>
			<key>name</key>
			<string>Release</string>
		</dict>
		<key>BC9A08B318BE54F9000E16C3</key>
		<dict>
			<key>buildConfigurations</key>
			<array>
				<string>BC9A08B418BE54F9000E16C3</string>
				<string>BC9A08B518BE54F9000E16C3</string>
			</array>
			<key>defaultConfigurationIsVisible</key>
			<string>0</string>
			<key>defaultConfigurationName</key>
			<string>Release</string>
			<key>isa</key>
			<string>XCConfigurationList</string>
		</dict>
		<key>BC9A08B418BE54F9000E16C3</key>
		<dict>
			<key>baseConfigurationReference</key>
			<string>90762252BBEB947BB7C0B4E4</string>
			<key>buildSettings</key>
			<dict>
				<key>ASSETCATALOG_COMPILER_APPICON_NAME</key>
				<string>AppIcon</string>
				<key>ASSETCATALOG_COMPILER_LAUNCHIMAGE_NAME</key>
				<string>LaunchImage</string>
				<key>CODE_SIGN_IDENTITY</key>
				<string>iPhone Developer</string>
				<key>CODE_SIGN_IDENTITY[sdk=iphoneos*]</key>
				<string>iPhone Developer</string>
				<key>GCC_PRECOMPILE_PREFIX_HEADER</key>
				<string>YES</string>
				<key>GCC_PREFIX_HEADER</key>
				<string>StockBot/StockBot-Prefix.pch</string>
				<key>INFOPLIST_FILE</key>
				<string>StockBot/StockBot-Info.plist</string>
				<key>IPHONEOS_DEPLOYMENT_TARGET</key>
				<string>8.0</string>
				<key>LIBRARY_SEARCH_PATHS</key>
				<string>$(inherited)</string>
				<key>PRODUCT_NAME</key>
				<string>stockup</string>
				<key>PROVISIONING_PROFILE</key>
				<string>dca6cd84-3574-47f4-b43f-298d341fa069</string>
				<key>USER_HEADER_SEARCH_PATHS</key>
				<string>"${PROJECT_DIR}/Pods"/**</string>
				<key>WRAPPER_EXTENSION</key>
				<string>app</string>
			</dict>
			<key>isa</key>
			<string>XCBuildConfiguration</string>
			<key>name</key>
			<string>Debug</string>
		</dict>
		<key>BC9A08B518BE54F9000E16C3</key>
		<dict>
			<key>baseConfigurationReference</key>
			<string>6A7CACB5CEF3239C386E2101</string>
			<key>buildSettings</key>
			<dict>
				<key>ASSETCATALOG_COMPILER_APPICON_NAME</key>
				<string>AppIcon</string>
				<key>ASSETCATALOG_COMPILER_LAUNCHIMAGE_NAME</key>
				<string>LaunchImage</string>
				<key>CODE_SIGN_ENTITLEMENTS</key>
				<string></string>
				<key>CODE_SIGN_IDENTITY</key>
				<string>iPhone Distribution</string>
				<key>CODE_SIGN_IDENTITY[sdk=iphoneos*]</key>
				<string>iPhone Distribution</string>
				<key>GCC_PRECOMPILE_PREFIX_HEADER</key>
				<string>YES</string>
				<key>GCC_PREFIX_HEADER</key>
				<string>StockBot/StockBot-Prefix.pch</string>
				<key>INFOPLIST_FILE</key>
				<string>StockBot/StockBot-Info.plist</string>
				<key>IPHONEOS_DEPLOYMENT_TARGET</key>
				<string>8.0</string>
				<key>LIBRARY_SEARCH_PATHS</key>
				<string>$(inherited)</string>
				<key>PRODUCT_NAME</key>
				<string>stockup</string>
				<key>PROVISIONING_PROFILE</key>
				<string>f6ea8868-ce07-4168-afc2-9f8835338016</string>
				<key>USER_HEADER_SEARCH_PATHS</key>
				<string>"${PROJECT_DIR}/Pods"/**</string>
				<key>WRAPPER_EXTENSION</key>
				<string>app</string>
			</dict>
			<key>isa</key>
			<string>XCBuildConfiguration</string>
			<key>name</key>
			<string>Release</string>
		</dict>
		<key>BC9A08B618BE54F9000E16C3</key>
		<dict>
			<key>buildConfigurations</key>
			<array>
				<string>BC9A08B718BE54F9000E16C3</string>
				<string>BC9A08B818BE54F9000E16C3</string>
			</array>
			<key>defaultConfigurationIsVisible</key>
			<string>0</string>
			<key>defaultConfigurationName</key>
			<string>Release</string>
			<key>isa</key>
			<string>XCConfigurationList</string>
		</dict>
		<key>BC9A08B718BE54F9000E16C3</key>
		<dict>
			<key>buildSettings</key>
			<dict>
				<key>BUNDLE_LOADER</key>
				<string>$(BUILT_PRODUCTS_DIR)/StockBot.app/StockBot</string>
				<key>FRAMEWORK_SEARCH_PATHS</key>
				<array>
					<string>$(SDKROOT)/Developer/Library/Frameworks</string>
					<string>$(inherited)</string>
					<string>$(DEVELOPER_FRAMEWORKS_DIR)</string>
				</array>
				<key>GCC_PRECOMPILE_PREFIX_HEADER</key>
				<string>YES</string>
				<key>GCC_PREFIX_HEADER</key>
				<string>StockBot/StockBot-Prefix.pch</string>
				<key>GCC_PREPROCESSOR_DEFINITIONS</key>
				<array>
					<string>DEBUG=1</string>
					<string>$(inherited)</string>
				</array>
				<key>INFOPLIST_FILE</key>
				<string>StockBotTests/StockBotTests-Info.plist</string>
				<key>PRODUCT_NAME</key>
				<string>$(TARGET_NAME)</string>
				<key>TEST_HOST</key>
				<string>$(BUNDLE_LOADER)</string>
				<key>WRAPPER_EXTENSION</key>
				<string>xctest</string>
			</dict>
			<key>isa</key>
			<string>XCBuildConfiguration</string>
			<key>name</key>
			<string>Debug</string>
		</dict>
		<key>BC9A08B818BE54F9000E16C3</key>
		<dict>
			<key>buildSettings</key>
			<dict>
				<key>BUNDLE_LOADER</key>
				<string>$(BUILT_PRODUCTS_DIR)/StockBot.app/StockBot</string>
				<key>FRAMEWORK_SEARCH_PATHS</key>
				<array>
					<string>$(SDKROOT)/Developer/Library/Frameworks</string>
					<string>$(inherited)</string>
					<string>$(DEVELOPER_FRAMEWORKS_DIR)</string>
				</array>
				<key>GCC_PRECOMPILE_PREFIX_HEADER</key>
				<string>YES</string>
				<key>GCC_PREFIX_HEADER</key>
				<string>StockBot/StockBot-Prefix.pch</string>
				<key>INFOPLIST_FILE</key>
				<string>StockBotTests/StockBotTests-Info.plist</string>
				<key>PRODUCT_NAME</key>
				<string>$(TARGET_NAME)</string>
				<key>TEST_HOST</key>
				<string>$(BUNDLE_LOADER)</string>
				<key>WRAPPER_EXTENSION</key>
				<string>xctest</string>
			</dict>
			<key>isa</key>
			<string>XCBuildConfiguration</string>
			<key>name</key>
			<string>Release</string>
		</dict>
		<key>BC9FBF7F193E5215000B1942</key>
		<dict>
			<key>buildActionMask</key>
			<string>2147483647</string>
			<key>files</key>
			<array/>
			<key>inputPaths</key>
			<array/>
			<key>isa</key>
			<string>PBXShellScriptBuildPhase</string>
			<key>outputPaths</key>
			<array/>
			<key>runOnlyForDeploymentPostprocessing</key>
			<string>0</string>
			<key>shellPath</key>
			<string>/bin/bash</string>
			<key>shellScript</key>
			<string>#!/bin/bash
buildNumber=$(/usr/libexec/PlistBuddy -c "Print CFBundleVersion" "$INFOPLIST_FILE")
buildNumber=$(($buildNumber + 1))
/usr/libexec/PlistBuddy -c "Set :CFBundleVersion $buildNumber" "$INFOPLIST_FILE"</string>
		</dict>
		<key>BC9FBF80193E539D000B1942</key>
		<dict>
			<key>fileEncoding</key>
			<string>4</string>
			<key>isa</key>
			<string>PBXFileReference</string>
			<key>lastKnownFileType</key>
			<string>sourcecode.c.h</string>
			<key>path</key>
			<string>UIView+SBAdditions.h</string>
			<key>sourceTree</key>
			<string>&lt;group&gt;</string>
		</dict>
		<key>BC9FBF81193E539D000B1942</key>
		<dict>
			<key>fileEncoding</key>
			<string>4</string>
			<key>isa</key>
			<string>PBXFileReference</string>
			<key>lastKnownFileType</key>
			<string>sourcecode.c.objc</string>
			<key>path</key>
			<string>UIView+SBAdditions.m</string>
			<key>sourceTree</key>
			<string>&lt;group&gt;</string>
		</dict>
		<key>BC9FBF82193E539D000B1942</key>
		<dict>
			<key>fileRef</key>
			<string>BC9FBF81193E539D000B1942</string>
			<key>isa</key>
			<string>PBXBuildFile</string>
		</dict>
		<key>BC9FBF83193E5F81000B1942</key>
		<dict>
			<key>fileEncoding</key>
			<string>4</string>
			<key>isa</key>
			<string>PBXFileReference</string>
			<key>lastKnownFileType</key>
			<string>sourcecode.c.h</string>
			<key>path</key>
			<string>SBLoginAnimatedTransitioning.h</string>
			<key>sourceTree</key>
			<string>&lt;group&gt;</string>
		</dict>
		<key>BC9FBF84193E5F81000B1942</key>
		<dict>
			<key>fileEncoding</key>
			<string>4</string>
			<key>isa</key>
			<string>PBXFileReference</string>
			<key>lastKnownFileType</key>
			<string>sourcecode.c.objc</string>
			<key>path</key>
			<string>SBLoginAnimatedTransitioning.m</string>
			<key>sourceTree</key>
			<string>&lt;group&gt;</string>
		</dict>
		<key>BC9FBF85193E5F81000B1942</key>
		<dict>
			<key>fileRef</key>
			<string>BC9FBF84193E5F81000B1942</string>
			<key>isa</key>
			<string>PBXBuildFile</string>
		</dict>
		<key>BCA2158A1946154900948D76</key>
		<dict>
			<key>fileEncoding</key>
			<string>4</string>
			<key>isa</key>
			<string>PBXFileReference</string>
			<key>lastKnownFileType</key>
			<string>sourcecode.c.h</string>
			<key>path</key>
			<string>SBInstructionsViewController.h</string>
			<key>sourceTree</key>
			<string>&lt;group&gt;</string>
		</dict>
		<key>BCA2158B1946154900948D76</key>
		<dict>
			<key>fileEncoding</key>
			<string>4</string>
			<key>isa</key>
			<string>PBXFileReference</string>
			<key>lastKnownFileType</key>
			<string>sourcecode.c.objc</string>
			<key>path</key>
			<string>SBInstructionsViewController.m</string>
			<key>sourceTree</key>
			<string>&lt;group&gt;</string>
		</dict>
		<key>BCA2158C1946154900948D76</key>
		<dict>
			<key>fileRef</key>
			<string>BCA2158B1946154900948D76</string>
			<key>isa</key>
			<string>PBXBuildFile</string>
		</dict>
		<key>BCA2158D1946156100948D76</key>
		<dict>
			<key>fileEncoding</key>
			<string>4</string>
			<key>isa</key>
			<string>PBXFileReference</string>
			<key>lastKnownFileType</key>
			<string>file.storyboard</string>
			<key>path</key>
			<string>Instructions.storyboard</string>
			<key>sourceTree</key>
			<string>&lt;group&gt;</string>
		</dict>
		<key>BCA2158E1946156100948D76</key>
		<dict>
			<key>fileRef</key>
			<string>BCA2158D1946156100948D76</string>
			<key>isa</key>
			<string>PBXBuildFile</string>
		</dict>
		<key>BCA6F0F419102F9C00D4A34D</key>
		<dict>
			<key>children</key>
			<array>
				<string>BC4AE16A196871A1009B3B74</string>
				<string>BC4AE16B196871A1009B3B74</string>
				<string>BCA6F0F519108AFE00D4A34D</string>
				<string>BCA6F0F619108AFE00D4A34D</string>
				<string>BCA6F0FB191166E900D4A34D</string>
				<string>BCA6F0FC191166E900D4A34D</string>
				<string>BC488CA3195DF2BA00310801</string>
				<string>BC488CA4195DF2BA00310801</string>
				<string>BCF937E8195F3B6B0019C954</string>
				<string>BCF937E9195F3B6B0019C954</string>
				<string>BCF937EB195F74590019C954</string>
				<string>BCF937EC195F74590019C954</string>
				<string>BCA6F0F81911659100D4A34D</string>
				<string>BCA6F0F91911659100D4A34D</string>
				<string>BC33F3641914A1A500C80E6C</string>
				<string>BCBFA1FC192E8B5000A6D17E</string>
				<string>BCBFA1FD192E8B5000A6D17E</string>
				<string>BC4AE16D1968785E009B3B74</string>
				<string>BC4AE16E1968785E009B3B74</string>
				<string>BC4AE17019687879009B3B74</string>
				<string>BC4AE17119687879009B3B74</string>
			</array>
			<key>isa</key>
			<string>PBXGroup</string>
			<key>name</key>
			<string>Conditions</string>
			<key>sourceTree</key>
			<string>&lt;group&gt;</string>
		</dict>
		<key>BCA6F0F519108AFE00D4A34D</key>
		<dict>
			<key>fileEncoding</key>
			<string>4</string>
			<key>isa</key>
			<string>PBXFileReference</string>
			<key>lastKnownFileType</key>
			<string>sourcecode.c.h</string>
			<key>path</key>
			<string>SBMACDCondition.h</string>
			<key>sourceTree</key>
			<string>&lt;group&gt;</string>
		</dict>
		<key>BCA6F0F619108AFE00D4A34D</key>
		<dict>
			<key>fileEncoding</key>
			<string>4</string>
			<key>isa</key>
			<string>PBXFileReference</string>
			<key>lastKnownFileType</key>
			<string>sourcecode.c.objc</string>
			<key>path</key>
			<string>SBMACDCondition.m</string>
			<key>sourceTree</key>
			<string>&lt;group&gt;</string>
		</dict>
		<key>BCA6F0F719108AFE00D4A34D</key>
		<dict>
			<key>fileRef</key>
			<string>BCA6F0F619108AFE00D4A34D</string>
			<key>isa</key>
			<string>PBXBuildFile</string>
		</dict>
		<key>BCA6F0F81911659100D4A34D</key>
		<dict>
			<key>fileEncoding</key>
			<string>4</string>
			<key>isa</key>
			<string>PBXFileReference</string>
			<key>lastKnownFileType</key>
			<string>sourcecode.c.h</string>
			<key>path</key>
			<string>SBCondition.h</string>
			<key>sourceTree</key>
			<string>&lt;group&gt;</string>
		</dict>
		<key>BCA6F0F91911659100D4A34D</key>
		<dict>
			<key>fileEncoding</key>
			<string>4</string>
			<key>isa</key>
			<string>PBXFileReference</string>
			<key>lastKnownFileType</key>
			<string>sourcecode.c.objc</string>
			<key>path</key>
			<string>SBCondition.m</string>
			<key>sourceTree</key>
			<string>&lt;group&gt;</string>
		</dict>
		<key>BCA6F0FA1911659100D4A34D</key>
		<dict>
			<key>fileRef</key>
			<string>BCA6F0F91911659100D4A34D</string>
			<key>isa</key>
			<string>PBXBuildFile</string>
		</dict>
		<key>BCA6F0FB191166E900D4A34D</key>
		<dict>
			<key>fileEncoding</key>
			<string>4</string>
			<key>isa</key>
			<string>PBXFileReference</string>
			<key>lastKnownFileType</key>
			<string>sourcecode.c.h</string>
			<key>path</key>
			<string>SBKDJCondition.h</string>
			<key>sourceTree</key>
			<string>&lt;group&gt;</string>
		</dict>
		<key>BCA6F0FC191166E900D4A34D</key>
		<dict>
			<key>fileEncoding</key>
			<string>4</string>
			<key>isa</key>
			<string>PBXFileReference</string>
			<key>lastKnownFileType</key>
			<string>sourcecode.c.objc</string>
			<key>path</key>
			<string>SBKDJCondition.m</string>
			<key>sourceTree</key>
			<string>&lt;group&gt;</string>
		</dict>
		<key>BCA6F0FD191166E900D4A34D</key>
		<dict>
			<key>fileRef</key>
			<string>BCA6F0FC191166E900D4A34D</string>
			<key>isa</key>
			<string>PBXBuildFile</string>
		</dict>
		<key>BCB4128D192EAA7F00A6706E</key>
		<dict>
			<key>fileEncoding</key>
			<string>4</string>
			<key>isa</key>
			<string>PBXFileReference</string>
			<key>lastKnownFileType</key>
			<string>sourcecode.c.h</string>
			<key>path</key>
			<string>SBUser.h</string>
			<key>sourceTree</key>
			<string>&lt;group&gt;</string>
		</dict>
		<key>BCB4128E192EAA7F00A6706E</key>
		<dict>
			<key>fileEncoding</key>
			<string>4</string>
			<key>isa</key>
			<string>PBXFileReference</string>
			<key>lastKnownFileType</key>
			<string>sourcecode.c.objc</string>
			<key>path</key>
			<string>SBUser.m</string>
			<key>sourceTree</key>
			<string>&lt;group&gt;</string>
		</dict>
		<key>BCB4128F192EAA7F00A6706E</key>
		<dict>
			<key>fileRef</key>
			<string>BCB4128E192EAA7F00A6706E</string>
			<key>isa</key>
			<string>PBXBuildFile</string>
		</dict>
		<key>BCBB200718E48FDE0085FFD3</key>
		<dict>
			<key>fileEncoding</key>
			<string>4</string>
			<key>isa</key>
			<string>PBXFileReference</string>
			<key>lastKnownFileType</key>
			<string>sourcecode.c.h</string>
			<key>path</key>
			<string>SBAlgoConfirmationViewController.h</string>
			<key>sourceTree</key>
			<string>&lt;group&gt;</string>
		</dict>
		<key>BCBB200818E48FDE0085FFD3</key>
		<dict>
			<key>fileEncoding</key>
			<string>4</string>
			<key>isa</key>
			<string>PBXFileReference</string>
			<key>lastKnownFileType</key>
			<string>sourcecode.c.objc</string>
			<key>path</key>
			<string>SBAlgoConfirmationViewController.m</string>
			<key>sourceTree</key>
			<string>&lt;group&gt;</string>
		</dict>
		<key>BCBB200918E48FDE0085FFD3</key>
		<dict>
			<key>fileRef</key>
			<string>BCBB200818E48FDE0085FFD3</string>
			<key>isa</key>
			<string>PBXBuildFile</string>
		</dict>
		<key>BCBFA1FC192E8B5000A6D17E</key>
		<dict>
			<key>fileEncoding</key>
			<string>4</string>
			<key>isa</key>
			<string>PBXFileReference</string>
			<key>lastKnownFileType</key>
			<string>sourcecode.c.h</string>
			<key>path</key>
			<string>SBAlgorithm.h</string>
			<key>sourceTree</key>
			<string>&lt;group&gt;</string>
		</dict>
		<key>BCBFA1FD192E8B5000A6D17E</key>
		<dict>
			<key>fileEncoding</key>
			<string>4</string>
			<key>isa</key>
			<string>PBXFileReference</string>
			<key>lastKnownFileType</key>
			<string>sourcecode.c.objc</string>
			<key>path</key>
			<string>SBAlgorithm.m</string>
			<key>sourceTree</key>
			<string>&lt;group&gt;</string>
		</dict>
		<key>BCBFA1FE192E8B5000A6D17E</key>
		<dict>
			<key>fileRef</key>
			<string>BCBFA1FD192E8B5000A6D17E</string>
			<key>isa</key>
			<string>PBXBuildFile</string>
		</dict>
		<key>BCDB2BC118D2CB4500CBF07E</key>
		<dict>
			<key>fileEncoding</key>
			<string>4</string>
			<key>isa</key>
			<string>PBXFileReference</string>
			<key>lastKnownFileType</key>
			<string>text</string>
			<key>path</key>
			<string>stockList.csv</string>
			<key>sourceTree</key>
			<string>&lt;group&gt;</string>
		</dict>
		<key>BCDB2BC218D2CB4500CBF07E</key>
		<dict>
			<key>fileRef</key>
			<string>BCDB2BC118D2CB4500CBF07E</string>
			<key>isa</key>
			<string>PBXBuildFile</string>
		</dict>
		<key>BCDB2BC318D30ACE00CBF07E</key>
		<dict>
			<key>children</key>
			<array>
				<string>BCA6F0F419102F9C00D4A34D</string>
				<string>BC1DD2F518BFA155006CA542</string>
				<string>BC1DD2F618BFA155006CA542</string>
				<string>BCDB2BC418D30AE300CBF07E</string>
				<string>BCDB2BC518D30AE300CBF07E</string>
				<string>BCB4128D192EAA7F00A6706E</string>
				<string>BCB4128E192EAA7F00A6706E</string>
			</array>
			<key>isa</key>
			<string>PBXGroup</string>
			<key>name</key>
			<string>Model</string>
			<key>sourceTree</key>
			<string>&lt;group&gt;</string>
		</dict>
		<key>BCDB2BC418D30AE300CBF07E</key>
		<dict>
			<key>fileEncoding</key>
			<string>4</string>
			<key>isa</key>
			<string>PBXFileReference</string>
			<key>lastKnownFileType</key>
			<string>sourcecode.c.h</string>
			<key>path</key>
			<string>SBStock.h</string>
			<key>sourceTree</key>
			<string>&lt;group&gt;</string>
		</dict>
		<key>BCDB2BC518D30AE300CBF07E</key>
		<dict>
			<key>fileEncoding</key>
			<string>4</string>
			<key>isa</key>
			<string>PBXFileReference</string>
			<key>lastKnownFileType</key>
			<string>sourcecode.c.objc</string>
			<key>path</key>
			<string>SBStock.m</string>
			<key>sourceTree</key>
			<string>&lt;group&gt;</string>
		</dict>
		<key>BCDB2BC618D30AE300CBF07E</key>
		<dict>
			<key>fileRef</key>
			<string>BCDB2BC518D30AE300CBF07E</string>
			<key>isa</key>
			<string>PBXBuildFile</string>
		</dict>
		<key>BCEB9C27192DD393001D042D</key>
		<dict>
			<key>fileEncoding</key>
			<string>4</string>
			<key>isa</key>
			<string>PBXFileReference</string>
			<key>lastKnownFileType</key>
			<string>sourcecode.c.h</string>
			<key>path</key>
			<string>SBAlgoSelectTableViewCell.h</string>
			<key>sourceTree</key>
			<string>&lt;group&gt;</string>
		</dict>
		<key>BCEB9C28192DD393001D042D</key>
		<dict>
			<key>fileEncoding</key>
			<string>4</string>
			<key>isa</key>
			<string>PBXFileReference</string>
			<key>lastKnownFileType</key>
			<string>sourcecode.c.objc</string>
			<key>path</key>
			<string>SBAlgoSelectTableViewCell.m</string>
			<key>sourceTree</key>
			<string>&lt;group&gt;</string>
		</dict>
		<key>BCEB9C29192DD393001D042D</key>
		<dict>
			<key>fileRef</key>
			<string>BCEB9C28192DD393001D042D</string>
			<key>isa</key>
			<string>PBXBuildFile</string>
		</dict>
		<key>BCF29656193E796E00E5892B</key>
		<dict>
			<key>fileEncoding</key>
			<string>4</string>
			<key>isa</key>
			<string>PBXFileReference</string>
			<key>lastKnownFileType</key>
			<string>sourcecode.c.h</string>
			<key>path</key>
			<string>SBNavigationControllerDelegate.h</string>
			<key>sourceTree</key>
			<string>&lt;group&gt;</string>
		</dict>
		<key>BCF29657193E796E00E5892B</key>
		<dict>
			<key>fileEncoding</key>
			<string>4</string>
			<key>isa</key>
			<string>PBXFileReference</string>
			<key>lastKnownFileType</key>
			<string>sourcecode.c.objc</string>
			<key>path</key>
			<string>SBNavigationControllerDelegate.m</string>
			<key>sourceTree</key>
			<string>&lt;group&gt;</string>
		</dict>
		<key>BCF29658193E796E00E5892B</key>
		<dict>
			<key>fileRef</key>
			<string>BCF29657193E796E00E5892B</string>
			<key>isa</key>
			<string>PBXBuildFile</string>
		</dict>
		<key>BCF937E6195E26D00019C954</key>
		<dict>
			<key>fileEncoding</key>
			<string>4</string>
			<key>isa</key>
			<string>PBXFileReference</string>
			<key>lastKnownFileType</key>
			<string>file.storyboard</string>
			<key>path</key>
			<string>AlgoDetail.storyboard</string>
			<key>sourceTree</key>
			<string>&lt;group&gt;</string>
		</dict>
		<key>BCF937E7195E26D00019C954</key>
		<dict>
			<key>fileRef</key>
			<string>BCF937E6195E26D00019C954</string>
			<key>isa</key>
			<string>PBXBuildFile</string>
		</dict>
		<key>BCF937E8195F3B6B0019C954</key>
		<dict>
			<key>fileEncoding</key>
			<string>4</string>
			<key>isa</key>
			<string>PBXFileReference</string>
			<key>lastKnownFileType</key>
			<string>sourcecode.c.h</string>
			<key>path</key>
			<string>SBBOLLCondition.h</string>
			<key>sourceTree</key>
			<string>&lt;group&gt;</string>
		</dict>
		<key>BCF937E9195F3B6B0019C954</key>
		<dict>
			<key>fileEncoding</key>
			<string>4</string>
			<key>isa</key>
			<string>PBXFileReference</string>
			<key>lastKnownFileType</key>
			<string>sourcecode.c.objc</string>
			<key>path</key>
			<string>SBBOLLCondition.m</string>
			<key>sourceTree</key>
			<string>&lt;group&gt;</string>
		</dict>
		<key>BCF937EA195F3B6B0019C954</key>
		<dict>
			<key>fileRef</key>
			<string>BCF937E9195F3B6B0019C954</string>
			<key>isa</key>
			<string>PBXBuildFile</string>
		</dict>
		<key>BCF937EB195F74590019C954</key>
		<dict>
			<key>fileEncoding</key>
			<string>4</string>
			<key>isa</key>
			<string>PBXFileReference</string>
			<key>lastKnownFileType</key>
			<string>sourcecode.c.h</string>
			<key>path</key>
			<string>SBPriceCondition.h</string>
			<key>sourceTree</key>
			<string>&lt;group&gt;</string>
		</dict>
		<key>BCF937EC195F74590019C954</key>
		<dict>
			<key>fileEncoding</key>
			<string>4</string>
			<key>isa</key>
			<string>PBXFileReference</string>
			<key>lastKnownFileType</key>
			<string>sourcecode.c.objc</string>
			<key>path</key>
			<string>SBPriceCondition.m</string>
			<key>sourceTree</key>
			<string>&lt;group&gt;</string>
		</dict>
		<key>BCF937ED195F74590019C954</key>
		<dict>
			<key>fileRef</key>
			<string>BCF937EC195F74590019C954</string>
			<key>isa</key>
			<string>PBXBuildFile</string>
		</dict>
		<key>EC267C20C7EE4CB29CB2B68A</key>
		<dict>
			<key>fileRef</key>
			<string>12C8621A9D524040AEBF887E</string>
			<key>isa</key>
			<string>PBXBuildFile</string>
		</dict>
	</dict>
	<key>rootObject</key>
	<string>BC9A087F18BE54F9000E16C3</string>
</dict>
</plist>
