// !$*UTF8*$!
{
	archiveVersion = 1;
	classes = {
	};
	objectVersion = 46;
	objects = {

/* Begin PBXBuildFile section */
		BC1DD2F718BFA155006CA542 /* SBStocksDataManager.m in Sources */ = {isa = PBXBuildFile; fileRef = BC1DD2F618BFA155006CA542 /* SBStocksDataManager.m */; };
		BC4AFC7E18DA0C2500C888D9 /* SBAlgorithmsManager.m in Sources */ = {isa = PBXBuildFile; fileRef = BC4AFC7D18DA0C2500C888D9 /* SBAlgorithmsManager.m */; };
		BC4AFC8118DA777D00C888D9 /* SBStockGraphView.m in Sources */ = {isa = PBXBuildFile; fileRef = BC4AFC8018DA777D00C888D9 /* SBStockGraphView.m */; };
		BC64F38F18FF305300641E14 /* SBLoginViewController.m in Sources */ = {isa = PBXBuildFile; fileRef = BC64F38E18FF305300641E14 /* SBLoginViewController.m */; };
		BC64F39219005D0D00641E14 /* SBUserAlgoTableViewController.m in Sources */ = {isa = PBXBuildFile; fileRef = BC64F39119005D0D00641E14 /* SBUserAlgoTableViewController.m */; };
		BC7D247218D8051700CCF8A9 /* SBAlgouCustomizeTableViewCell.m in Sources */ = {isa = PBXBuildFile; fileRef = BC7D247118D8051700CCF8A9 /* SBAlgouCustomizeTableViewCell.m */; };
		BC7D247618D805A400CCF8A9 /* SBStocksTableViewCell.m in Sources */ = {isa = PBXBuildFile; fileRef = BC7D247518D805A400CCF8A9 /* SBStocksTableViewCell.m */; };
		BC809FE718BE96990014C48B /* SBAlgosDetailViewController.m in Sources */ = {isa = PBXBuildFile; fileRef = BC809FD918BE96990014C48B /* SBAlgosDetailViewController.m */; };
		BC809FE818BE96990014C48B /* SBAlgosSelectionTableViewController.m in Sources */ = {isa = PBXBuildFile; fileRef = BC809FDB18BE96990014C48B /* SBAlgosSelectionTableViewController.m */; };
		BC809FE918BE96990014C48B /* SBAlgosViewController.m in Sources */ = {isa = PBXBuildFile; fileRef = BC809FDD18BE96990014C48B /* SBAlgosViewController.m */; };
		BC809FEA18BE96990014C48B /* SBStocksDetailViewController.m in Sources */ = {isa = PBXBuildFile; fileRef = BC809FE018BE96990014C48B /* SBStocksDetailViewController.m */; };
		BC809FEB18BE96990014C48B /* SBStocksListTableViewController.m in Sources */ = {isa = PBXBuildFile; fileRef = BC809FE218BE96990014C48B /* SBStocksListTableViewController.m */; };
		BC809FEC18BE96990014C48B /* SBStocksViewController.m in Sources */ = {isa = PBXBuildFile; fileRef = BC809FE418BE96990014C48B /* SBStocksViewController.m */; };
		BC809FED18BE96990014C48B /* SBViewController.m in Sources */ = {isa = PBXBuildFile; fileRef = BC809FE618BE96990014C48B /* SBViewController.m */; };
		BC9A088B18BE54F9000E16C3 /* Foundation.framework in Frameworks */ = {isa = PBXBuildFile; fileRef = BC9A088A18BE54F9000E16C3 /* Foundation.framework */; };
		BC9A088D18BE54F9000E16C3 /* CoreGraphics.framework in Frameworks */ = {isa = PBXBuildFile; fileRef = BC9A088C18BE54F9000E16C3 /* CoreGraphics.framework */; };
		BC9A088F18BE54F9000E16C3 /* UIKit.framework in Frameworks */ = {isa = PBXBuildFile; fileRef = BC9A088E18BE54F9000E16C3 /* UIKit.framework */; };
		BC9A089518BE54F9000E16C3 /* InfoPlist.strings in Resources */ = {isa = PBXBuildFile; fileRef = BC9A089318BE54F9000E16C3 /* InfoPlist.strings */; };
		BC9A089718BE54F9000E16C3 /* main.m in Sources */ = {isa = PBXBuildFile; fileRef = BC9A089618BE54F9000E16C3 /* main.m */; };
		BC9A089B18BE54F9000E16C3 /* SBAppDelegate.m in Sources */ = {isa = PBXBuildFile; fileRef = BC9A089A18BE54F9000E16C3 /* SBAppDelegate.m */; };
		BC9A089D18BE54F9000E16C3 /* Images.xcassets in Resources */ = {isa = PBXBuildFile; fileRef = BC9A089C18BE54F9000E16C3 /* Images.xcassets */; };
		BC9A08A418BE54F9000E16C3 /* XCTest.framework in Frameworks */ = {isa = PBXBuildFile; fileRef = BC9A08A318BE54F9000E16C3 /* XCTest.framework */; };
		BC9A08A518BE54F9000E16C3 /* Foundation.framework in Frameworks */ = {isa = PBXBuildFile; fileRef = BC9A088A18BE54F9000E16C3 /* Foundation.framework */; };
		BC9A08A618BE54F9000E16C3 /* UIKit.framework in Frameworks */ = {isa = PBXBuildFile; fileRef = BC9A088E18BE54F9000E16C3 /* UIKit.framework */; };
		BC9A08AE18BE54F9000E16C3 /* InfoPlist.strings in Resources */ = {isa = PBXBuildFile; fileRef = BC9A08AC18BE54F9000E16C3 /* InfoPlist.strings */; };
		BC9A08B018BE54F9000E16C3 /* StockBotTests.m in Sources */ = {isa = PBXBuildFile; fileRef = BC9A08AF18BE54F9000E16C3 /* StockBotTests.m */; };
		BCA6F0F719108AFE00D4A34D /* SBMACDCondition.m in Sources */ = {isa = PBXBuildFile; fileRef = BCA6F0F619108AFE00D4A34D /* SBMACDCondition.m */; };
		BCA6F0FA1911659100D4A34D /* SBCondition.m in Sources */ = {isa = PBXBuildFile; fileRef = BCA6F0F91911659100D4A34D /* SBCondition.m */; };
		BCA6F0FD191166E900D4A34D /* SBKDJCondition.m in Sources */ = {isa = PBXBuildFile; fileRef = BCA6F0FC191166E900D4A34D /* SBKDJCondition.m */; };
		BCBB200918E48FDE0085FFD3 /* SBTransactionViewController.m in Sources */ = {isa = PBXBuildFile; fileRef = BCBB200818E48FDE0085FFD3 /* SBTransactionViewController.m */; };
		BCDB2BC218D2CB4500CBF07E /* stockList.csv in Resources */ = {isa = PBXBuildFile; fileRef = BCDB2BC118D2CB4500CBF07E /* stockList.csv */; };
		BCDB2BC618D30AE300CBF07E /* SBStock.m in Sources */ = {isa = PBXBuildFile; fileRef = BCDB2BC518D30AE300CBF07E /* SBStock.m */; };
		BCEB9C29192DD393001D042D /* SBAlgoSelectTableViewCell.m in Sources */ = {isa = PBXBuildFile; fileRef = BCEB9C28192DD393001D042D /* SBAlgoSelectTableViewCell.m */; };
		BCEB9C2C192E7699001D042D /* SBBuyCondition.m in Sources */ = {isa = PBXBuildFile; fileRef = BCEB9C2B192E7699001D042D /* SBBuyCondition.m */; };
		BCEB9C2F192E76A2001D042D /* SBSellCondition.m in Sources */ = {isa = PBXBuildFile; fileRef = BCEB9C2E192E76A2001D042D /* SBSellCondition.m */; };
		D0DC0CD389534F0CAABB39BD /* libPods.a in Frameworks */ = {isa = PBXBuildFile; fileRef = 12C8621A9D524040AEBF887E /* libPods.a */; };
/* End PBXBuildFile section */

/* Begin PBXContainerItemProxy section */
		BC9A08A718BE54F9000E16C3 /* PBXContainerItemProxy */ = {
			isa = PBXContainerItemProxy;
			containerPortal = BC9A087F18BE54F9000E16C3 /* Project object */;
			proxyType = 1;
			remoteGlobalIDString = BC9A088618BE54F9000E16C3;
			remoteInfo = StockBot;
		};
/* End PBXContainerItemProxy section */

/* Begin PBXFileReference section */
		12C8621A9D524040AEBF887E /* libPods.a */ = {isa = PBXFileReference; explicitFileType = archive.ar; includeInIndex = 0; path = libPods.a; sourceTree = BUILT_PRODUCTS_DIR; };
		BC1DD2F518BFA155006CA542 /* SBStocksDataManager.h */ = {isa = PBXFileReference; fileEncoding = 4; lastKnownFileType = sourcecode.c.h; path = SBStocksDataManager.h; sourceTree = "<group>"; };
		BC1DD2F618BFA155006CA542 /* SBStocksDataManager.m */ = {isa = PBXFileReference; fileEncoding = 4; lastKnownFileType = sourcecode.c.objc; path = SBStocksDataManager.m; sourceTree = "<group>"; };
		BC33F3641914A1A500C80E6C /* SBConditions.h */ = {isa = PBXFileReference; fileEncoding = 4; lastKnownFileType = sourcecode.c.h; path = SBConditions.h; sourceTree = "<group>"; };
		BC4AFC7C18DA0C2500C888D9 /* SBAlgorithmsManager.h */ = {isa = PBXFileReference; fileEncoding = 4; lastKnownFileType = sourcecode.c.h; path = SBAlgorithmsManager.h; sourceTree = "<group>"; };
		BC4AFC7D18DA0C2500C888D9 /* SBAlgorithmsManager.m */ = {isa = PBXFileReference; fileEncoding = 4; lastKnownFileType = sourcecode.c.objc; path = SBAlgorithmsManager.m; sourceTree = "<group>"; };
		BC4AFC7F18DA777D00C888D9 /* SBStockGraphView.h */ = {isa = PBXFileReference; fileEncoding = 4; lastKnownFileType = sourcecode.c.h; path = SBStockGraphView.h; sourceTree = "<group>"; };
		BC4AFC8018DA777D00C888D9 /* SBStockGraphView.m */ = {isa = PBXFileReference; fileEncoding = 4; lastKnownFileType = sourcecode.c.objc; path = SBStockGraphView.m; sourceTree = "<group>"; };
		BC64F38D18FF305300641E14 /* SBLoginViewController.h */ = {isa = PBXFileReference; fileEncoding = 4; lastKnownFileType = sourcecode.c.h; path = SBLoginViewController.h; sourceTree = "<group>"; };
		BC64F38E18FF305300641E14 /* SBLoginViewController.m */ = {isa = PBXFileReference; fileEncoding = 4; lastKnownFileType = sourcecode.c.objc; path = SBLoginViewController.m; sourceTree = "<group>"; };
		BC64F39019005D0D00641E14 /* SBUserAlgoTableViewController.h */ = {isa = PBXFileReference; fileEncoding = 4; lastKnownFileType = sourcecode.c.h; path = SBUserAlgoTableViewController.h; sourceTree = "<group>"; };
		BC64F39119005D0D00641E14 /* SBUserAlgoTableViewController.m */ = {isa = PBXFileReference; fileEncoding = 4; lastKnownFileType = sourcecode.c.objc; path = SBUserAlgoTableViewController.m; sourceTree = "<group>"; };
		BC7D247018D8051700CCF8A9 /* SBAlgouCustomizeTableViewCell.h */ = {isa = PBXFileReference; fileEncoding = 4; lastKnownFileType = sourcecode.c.h; path = SBAlgouCustomizeTableViewCell.h; sourceTree = "<group>"; };
		BC7D247118D8051700CCF8A9 /* SBAlgouCustomizeTableViewCell.m */ = {isa = PBXFileReference; fileEncoding = 4; lastKnownFileType = sourcecode.c.objc; path = SBAlgouCustomizeTableViewCell.m; sourceTree = "<group>"; };
		BC7D247418D805A400CCF8A9 /* SBStocksTableViewCell.h */ = {isa = PBXFileReference; fileEncoding = 4; lastKnownFileType = sourcecode.c.h; path = SBStocksTableViewCell.h; sourceTree = "<group>"; };
		BC7D247518D805A400CCF8A9 /* SBStocksTableViewCell.m */ = {isa = PBXFileReference; fileEncoding = 4; lastKnownFileType = sourcecode.c.objc; path = SBStocksTableViewCell.m; sourceTree = "<group>"; };
		BC809FD818BE96990014C48B /* SBAlgosDetailViewController.h */ = {isa = PBXFileReference; fileEncoding = 4; lastKnownFileType = sourcecode.c.h; path = SBAlgosDetailViewController.h; sourceTree = "<group>"; };
		BC809FD918BE96990014C48B /* SBAlgosDetailViewController.m */ = {isa = PBXFileReference; fileEncoding = 4; lastKnownFileType = sourcecode.c.objc; path = SBAlgosDetailViewController.m; sourceTree = "<group>"; };
		BC809FDA18BE96990014C48B /* SBAlgosSelectionTableViewController.h */ = {isa = PBXFileReference; fileEncoding = 4; lastKnownFileType = sourcecode.c.h; path = SBAlgosSelectionTableViewController.h; sourceTree = "<group>"; };
		BC809FDB18BE96990014C48B /* SBAlgosSelectionTableViewController.m */ = {isa = PBXFileReference; fileEncoding = 4; lastKnownFileType = sourcecode.c.objc; path = SBAlgosSelectionTableViewController.m; sourceTree = "<group>"; };
		BC809FDC18BE96990014C48B /* SBAlgosViewController.h */ = {isa = PBXFileReference; fileEncoding = 4; lastKnownFileType = sourcecode.c.h; path = SBAlgosViewController.h; sourceTree = "<group>"; };
		BC809FDD18BE96990014C48B /* SBAlgosViewController.m */ = {isa = PBXFileReference; fileEncoding = 4; lastKnownFileType = sourcecode.c.objc; path = SBAlgosViewController.m; sourceTree = "<group>"; };
		BC809FDE18BE96990014C48B /* SBConstants.h */ = {isa = PBXFileReference; fileEncoding = 4; lastKnownFileType = sourcecode.c.h; path = SBConstants.h; sourceTree = "<group>"; };
		BC809FDF18BE96990014C48B /* SBStocksDetailViewController.h */ = {isa = PBXFileReference; fileEncoding = 4; lastKnownFileType = sourcecode.c.h; path = SBStocksDetailViewController.h; sourceTree = "<group>"; };
		BC809FE018BE96990014C48B /* SBStocksDetailViewController.m */ = {isa = PBXFileReference; fileEncoding = 4; lastKnownFileType = sourcecode.c.objc; path = SBStocksDetailViewController.m; sourceTree = "<group>"; };
		BC809FE118BE96990014C48B /* SBStocksListTableViewController.h */ = {isa = PBXFileReference; fileEncoding = 4; lastKnownFileType = sourcecode.c.h; path = SBStocksListTableViewController.h; sourceTree = "<group>"; };
		BC809FE218BE96990014C48B /* SBStocksListTableViewController.m */ = {isa = PBXFileReference; fileEncoding = 4; lastKnownFileType = sourcecode.c.objc; path = SBStocksListTableViewController.m; sourceTree = "<group>"; };
		BC809FE318BE96990014C48B /* SBStocksViewController.h */ = {isa = PBXFileReference; fileEncoding = 4; lastKnownFileType = sourcecode.c.h; path = SBStocksViewController.h; sourceTree = "<group>"; };
		BC809FE418BE96990014C48B /* SBStocksViewController.m */ = {isa = PBXFileReference; fileEncoding = 4; lastKnownFileType = sourcecode.c.objc; path = SBStocksViewController.m; sourceTree = "<group>"; };
		BC809FE518BE96990014C48B /* SBViewController.h */ = {isa = PBXFileReference; fileEncoding = 4; lastKnownFileType = sourcecode.c.h; path = SBViewController.h; sourceTree = "<group>"; };
		BC809FE618BE96990014C48B /* SBViewController.m */ = {isa = PBXFileReference; fileEncoding = 4; lastKnownFileType = sourcecode.c.objc; path = SBViewController.m; sourceTree = "<group>"; };
		BC9A088718BE54F9000E16C3 /* StockBot.app */ = {isa = PBXFileReference; explicitFileType = wrapper.application; includeInIndex = 0; path = StockBot.app; sourceTree = BUILT_PRODUCTS_DIR; };
		BC9A088A18BE54F9000E16C3 /* Foundation.framework */ = {isa = PBXFileReference; lastKnownFileType = wrapper.framework; name = Foundation.framework; path = System/Library/Frameworks/Foundation.framework; sourceTree = SDKROOT; };
		BC9A088C18BE54F9000E16C3 /* CoreGraphics.framework */ = {isa = PBXFileReference; lastKnownFileType = wrapper.framework; name = CoreGraphics.framework; path = System/Library/Frameworks/CoreGraphics.framework; sourceTree = SDKROOT; };
		BC9A088E18BE54F9000E16C3 /* UIKit.framework */ = {isa = PBXFileReference; lastKnownFileType = wrapper.framework; name = UIKit.framework; path = System/Library/Frameworks/UIKit.framework; sourceTree = SDKROOT; };
		BC9A089218BE54F9000E16C3 /* StockBot-Info.plist */ = {isa = PBXFileReference; lastKnownFileType = text.plist.xml; path = "StockBot-Info.plist"; sourceTree = "<group>"; };
		BC9A089418BE54F9000E16C3 /* en */ = {isa = PBXFileReference; lastKnownFileType = text.plist.strings; name = en; path = en.lproj/InfoPlist.strings; sourceTree = "<group>"; };
		BC9A089618BE54F9000E16C3 /* main.m */ = {isa = PBXFileReference; lastKnownFileType = sourcecode.c.objc; path = main.m; sourceTree = "<group>"; };
		BC9A089818BE54F9000E16C3 /* StockBot-Prefix.pch */ = {isa = PBXFileReference; lastKnownFileType = sourcecode.c.h; path = "StockBot-Prefix.pch"; sourceTree = "<group>"; };
		BC9A089918BE54F9000E16C3 /* SBAppDelegate.h */ = {isa = PBXFileReference; lastKnownFileType = sourcecode.c.h; path = SBAppDelegate.h; sourceTree = "<group>"; };
		BC9A089A18BE54F9000E16C3 /* SBAppDelegate.m */ = {isa = PBXFileReference; lastKnownFileType = sourcecode.c.objc; path = SBAppDelegate.m; sourceTree = "<group>"; };
		BC9A089C18BE54F9000E16C3 /* Images.xcassets */ = {isa = PBXFileReference; lastKnownFileType = folder.assetcatalog; path = Images.xcassets; sourceTree = "<group>"; };
		BC9A08A218BE54F9000E16C3 /* StockBotTests.xctest */ = {isa = PBXFileReference; explicitFileType = wrapper.cfbundle; includeInIndex = 0; path = StockBotTests.xctest; sourceTree = BUILT_PRODUCTS_DIR; };
		BC9A08A318BE54F9000E16C3 /* XCTest.framework */ = {isa = PBXFileReference; lastKnownFileType = wrapper.framework; name = XCTest.framework; path = Library/Frameworks/XCTest.framework; sourceTree = DEVELOPER_DIR; };
		BC9A08AB18BE54F9000E16C3 /* StockBotTests-Info.plist */ = {isa = PBXFileReference; lastKnownFileType = text.plist.xml; path = "StockBotTests-Info.plist"; sourceTree = "<group>"; };
		BC9A08AD18BE54F9000E16C3 /* en */ = {isa = PBXFileReference; lastKnownFileType = text.plist.strings; name = en; path = en.lproj/InfoPlist.strings; sourceTree = "<group>"; };
		BC9A08AF18BE54F9000E16C3 /* StockBotTests.m */ = {isa = PBXFileReference; lastKnownFileType = sourcecode.c.objc; path = StockBotTests.m; sourceTree = "<group>"; };
		BCA6F0F519108AFE00D4A34D /* SBMACDCondition.h */ = {isa = PBXFileReference; fileEncoding = 4; lastKnownFileType = sourcecode.c.h; path = SBMACDCondition.h; sourceTree = "<group>"; };
		BCA6F0F619108AFE00D4A34D /* SBMACDCondition.m */ = {isa = PBXFileReference; fileEncoding = 4; lastKnownFileType = sourcecode.c.objc; path = SBMACDCondition.m; sourceTree = "<group>"; };
		BCA6F0F81911659100D4A34D /* SBCondition.h */ = {isa = PBXFileReference; fileEncoding = 4; lastKnownFileType = sourcecode.c.h; path = SBCondition.h; sourceTree = "<group>"; };
		BCA6F0F91911659100D4A34D /* SBCondition.m */ = {isa = PBXFileReference; fileEncoding = 4; lastKnownFileType = sourcecode.c.objc; path = SBCondition.m; sourceTree = "<group>"; };
		BCA6F0FB191166E900D4A34D /* SBKDJCondition.h */ = {isa = PBXFileReference; fileEncoding = 4; lastKnownFileType = sourcecode.c.h; path = SBKDJCondition.h; sourceTree = "<group>"; };
		BCA6F0FC191166E900D4A34D /* SBKDJCondition.m */ = {isa = PBXFileReference; fileEncoding = 4; lastKnownFileType = sourcecode.c.objc; path = SBKDJCondition.m; sourceTree = "<group>"; };
		BCBB200718E48FDE0085FFD3 /* SBTransactionViewController.h */ = {isa = PBXFileReference; fileEncoding = 4; lastKnownFileType = sourcecode.c.h; path = SBTransactionViewController.h; sourceTree = "<group>"; };
		BCBB200818E48FDE0085FFD3 /* SBTransactionViewController.m */ = {isa = PBXFileReference; fileEncoding = 4; lastKnownFileType = sourcecode.c.objc; path = SBTransactionViewController.m; sourceTree = "<group>"; };
		BCDB2BC118D2CB4500CBF07E /* stockList.csv */ = {isa = PBXFileReference; fileEncoding = 4; lastKnownFileType = text; path = stockList.csv; sourceTree = "<group>"; };
		BCDB2BC418D30AE300CBF07E /* SBStock.h */ = {isa = PBXFileReference; fileEncoding = 4; lastKnownFileType = sourcecode.c.h; path = SBStock.h; sourceTree = "<group>"; };
		BCDB2BC518D30AE300CBF07E /* SBStock.m */ = {isa = PBXFileReference; fileEncoding = 4; lastKnownFileType = sourcecode.c.objc; path = SBStock.m; sourceTree = "<group>"; };
		BCEB9C27192DD393001D042D /* SBAlgoSelectTableViewCell.h */ = {isa = PBXFileReference; fileEncoding = 4; lastKnownFileType = sourcecode.c.h; path = SBAlgoSelectTableViewCell.h; sourceTree = "<group>"; };
		BCEB9C28192DD393001D042D /* SBAlgoSelectTableViewCell.m */ = {isa = PBXFileReference; fileEncoding = 4; lastKnownFileType = sourcecode.c.objc; path = SBAlgoSelectTableViewCell.m; sourceTree = "<group>"; };
		BCEB9C2A192E7699001D042D /* SBBuyCondition.h */ = {isa = PBXFileReference; fileEncoding = 4; lastKnownFileType = sourcecode.c.h; path = SBBuyCondition.h; sourceTree = "<group>"; };
		BCEB9C2B192E7699001D042D /* SBBuyCondition.m */ = {isa = PBXFileReference; fileEncoding = 4; lastKnownFileType = sourcecode.c.objc; path = SBBuyCondition.m; sourceTree = "<group>"; };
		BCEB9C2D192E76A2001D042D /* SBSellCondition.h */ = {isa = PBXFileReference; fileEncoding = 4; lastKnownFileType = sourcecode.c.h; path = SBSellCondition.h; sourceTree = "<group>"; };
		BCEB9C2E192E76A2001D042D /* SBSellCondition.m */ = {isa = PBXFileReference; fileEncoding = 4; lastKnownFileType = sourcecode.c.objc; path = SBSellCondition.m; sourceTree = "<group>"; };
		ECAC7AB669494C0488A17B74 /* Pods.xcconfig */ = {isa = PBXFileReference; includeInIndex = 1; lastKnownFileType = text.xcconfig; name = Pods.xcconfig; path = Pods/Pods.xcconfig; sourceTree = "<group>"; };
/* End PBXFileReference section */

/* Begin PBXFrameworksBuildPhase section */
		BC9A088418BE54F9000E16C3 /* Frameworks */ = {
			isa = PBXFrameworksBuildPhase;
			buildActionMask = 2147483647;
			files = (
				BC9A088D18BE54F9000E16C3 /* CoreGraphics.framework in Frameworks */,
				BC9A088F18BE54F9000E16C3 /* UIKit.framework in Frameworks */,
				BC9A088B18BE54F9000E16C3 /* Foundation.framework in Frameworks */,
				D0DC0CD389534F0CAABB39BD /* libPods.a in Frameworks */,
			);
			runOnlyForDeploymentPostprocessing = 0;
		};
		BC9A089F18BE54F9000E16C3 /* Frameworks */ = {
			isa = PBXFrameworksBuildPhase;
			buildActionMask = 2147483647;
			files = (
				BC9A08A418BE54F9000E16C3 /* XCTest.framework in Frameworks */,
				BC9A08A618BE54F9000E16C3 /* UIKit.framework in Frameworks */,
				BC9A08A518BE54F9000E16C3 /* Foundation.framework in Frameworks */,
			);
			runOnlyForDeploymentPostprocessing = 0;
		};
/* End PBXFrameworksBuildPhase section */

/* Begin PBXGroup section */
		BC7D247318D8051D00CCF8A9 /* View */ = {
			isa = PBXGroup;
			children = (
				BC7D247018D8051700CCF8A9 /* SBAlgouCustomizeTableViewCell.h */,
				BC7D247118D8051700CCF8A9 /* SBAlgouCustomizeTableViewCell.m */,
				BCEB9C27192DD393001D042D /* SBAlgoSelectTableViewCell.h */,
				BCEB9C28192DD393001D042D /* SBAlgoSelectTableViewCell.m */,
				BC7D247418D805A400CCF8A9 /* SBStocksTableViewCell.h */,
				BC7D247518D805A400CCF8A9 /* SBStocksTableViewCell.m */,
				BC4AFC7F18DA777D00C888D9 /* SBStockGraphView.h */,
				BC4AFC8018DA777D00C888D9 /* SBStockGraphView.m */,
			);
			name = View;
			sourceTree = "<group>";
		};
		BC9A087E18BE54F9000E16C3 = {
			isa = PBXGroup;
			children = (
				BC9A089018BE54F9000E16C3 /* StockBot */,
				BC9A08A918BE54F9000E16C3 /* StockBotTests */,
				BC9A088918BE54F9000E16C3 /* Frameworks */,
				BC9A088818BE54F9000E16C3 /* Products */,
				ECAC7AB669494C0488A17B74 /* Pods.xcconfig */,
			);
			sourceTree = "<group>";
		};
		BC9A088818BE54F9000E16C3 /* Products */ = {
			isa = PBXGroup;
			children = (
				BC9A088718BE54F9000E16C3 /* StockBot.app */,
				BC9A08A218BE54F9000E16C3 /* StockBotTests.xctest */,
			);
			name = Products;
			sourceTree = "<group>";
		};
		BC9A088918BE54F9000E16C3 /* Frameworks */ = {
			isa = PBXGroup;
			children = (
				BC9A088A18BE54F9000E16C3 /* Foundation.framework */,
				BC9A088C18BE54F9000E16C3 /* CoreGraphics.framework */,
				BC9A088E18BE54F9000E16C3 /* UIKit.framework */,
				BC9A08A318BE54F9000E16C3 /* XCTest.framework */,
				12C8621A9D524040AEBF887E /* libPods.a */,
			);
			name = Frameworks;
			sourceTree = "<group>";
		};
		BC9A089018BE54F9000E16C3 /* StockBot */ = {
			isa = PBXGroup;
			children = (
				BC7D247318D8051D00CCF8A9 /* View */,
				BCDB2BC318D30ACE00CBF07E /* Model */,
				BC809FD818BE96990014C48B /* SBAlgosDetailViewController.h */,
				BC809FD918BE96990014C48B /* SBAlgosDetailViewController.m */,
				BC809FDA18BE96990014C48B /* SBAlgosSelectionTableViewController.h */,
				BC809FDB18BE96990014C48B /* SBAlgosSelectionTableViewController.m */,
				BC809FDC18BE96990014C48B /* SBAlgosViewController.h */,
				BC809FDD18BE96990014C48B /* SBAlgosViewController.m */,
				BC64F39019005D0D00641E14 /* SBUserAlgoTableViewController.h */,
				BC64F39119005D0D00641E14 /* SBUserAlgoTableViewController.m */,
				BC64F38D18FF305300641E14 /* SBLoginViewController.h */,
				BC64F38E18FF305300641E14 /* SBLoginViewController.m */,
				BCBB200718E48FDE0085FFD3 /* SBTransactionViewController.h */,
				BCBB200818E48FDE0085FFD3 /* SBTransactionViewController.m */,
				BC809FDF18BE96990014C48B /* SBStocksDetailViewController.h */,
				BC809FE018BE96990014C48B /* SBStocksDetailViewController.m */,
				BC809FE118BE96990014C48B /* SBStocksListTableViewController.h */,
				BC809FE218BE96990014C48B /* SBStocksListTableViewController.m */,
				BC809FE318BE96990014C48B /* SBStocksViewController.h */,
				BC809FE418BE96990014C48B /* SBStocksViewController.m */,
				BC809FE518BE96990014C48B /* SBViewController.h */,
				BC809FE618BE96990014C48B /* SBViewController.m */,
				BC9A089C18BE54F9000E16C3 /* Images.xcassets */,
				BC9A089118BE54F9000E16C3 /* Supporting Files */,
			);
			path = StockBot;
			sourceTree = "<group>";
		};
		BC9A089118BE54F9000E16C3 /* Supporting Files */ = {
			isa = PBXGroup;
			children = (
				BC9A089918BE54F9000E16C3 /* SBAppDelegate.h */,
				BC9A089A18BE54F9000E16C3 /* SBAppDelegate.m */,
				BC809FDE18BE96990014C48B /* SBConstants.h */,
				BCDB2BC118D2CB4500CBF07E /* stockList.csv */,
				BC9A089218BE54F9000E16C3 /* StockBot-Info.plist */,
				BC9A089318BE54F9000E16C3 /* InfoPlist.strings */,
				BC9A089618BE54F9000E16C3 /* main.m */,
				BC9A089818BE54F9000E16C3 /* StockBot-Prefix.pch */,
			);
			name = "Supporting Files";
			sourceTree = "<group>";
		};
		BC9A08A918BE54F9000E16C3 /* StockBotTests */ = {
			isa = PBXGroup;
			children = (
				BC9A08AF18BE54F9000E16C3 /* StockBotTests.m */,
				BC9A08AA18BE54F9000E16C3 /* Supporting Files */,
			);
			path = StockBotTests;
			sourceTree = "<group>";
		};
		BC9A08AA18BE54F9000E16C3 /* Supporting Files */ = {
			isa = PBXGroup;
			children = (
				BC9A08AB18BE54F9000E16C3 /* StockBotTests-Info.plist */,
				BC9A08AC18BE54F9000E16C3 /* InfoPlist.strings */,
			);
			name = "Supporting Files";
			sourceTree = "<group>";
		};
		BCA6F0F419102F9C00D4A34D /* Algorithms */ = {
			isa = PBXGroup;
			children = (
				BCA6F0F519108AFE00D4A34D /* SBMACDCondition.h */,
				BCA6F0F619108AFE00D4A34D /* SBMACDCondition.m */,
				BCA6F0FB191166E900D4A34D /* SBKDJCondition.h */,
				BCA6F0FC191166E900D4A34D /* SBKDJCondition.m */,
				BCA6F0F81911659100D4A34D /* SBCondition.h */,
				BCA6F0F91911659100D4A34D /* SBCondition.m */,
				BC33F3641914A1A500C80E6C /* SBConditions.h */,
				BCEB9C2A192E7699001D042D /* SBBuyCondition.h */,
				BCEB9C2B192E7699001D042D /* SBBuyCondition.m */,
				BCEB9C2D192E76A2001D042D /* SBSellCondition.h */,
				BCEB9C2E192E76A2001D042D /* SBSellCondition.m */,
			);
			name = Algorithms;
			sourceTree = "<group>";
		};
		BCDB2BC318D30ACE00CBF07E /* Model */ = {
			isa = PBXGroup;
			children = (
				BCA6F0F419102F9C00D4A34D /* Algorithms */,
				BC1DD2F518BFA155006CA542 /* SBStocksDataManager.h */,
				BC1DD2F618BFA155006CA542 /* SBStocksDataManager.m */,
				BC4AFC7C18DA0C2500C888D9 /* SBAlgorithmsManager.h */,
				BC4AFC7D18DA0C2500C888D9 /* SBAlgorithmsManager.m */,
				BCDB2BC418D30AE300CBF07E /* SBStock.h */,
				BCDB2BC518D30AE300CBF07E /* SBStock.m */,
			);
			name = Model;
			sourceTree = "<group>";
		};
/* End PBXGroup section */

/* Begin PBXNativeTarget section */
		BC9A088618BE54F9000E16C3 /* StockBot */ = {
			isa = PBXNativeTarget;
			buildConfigurationList = BC9A08B318BE54F9000E16C3 /* Build configuration list for PBXNativeTarget "StockBot" */;
			buildPhases = (
				33DB24EB0E6B47AA9DAB70EA /* Check Pods Manifest.lock */,
				BC9A088318BE54F9000E16C3 /* Sources */,
				BC9A088418BE54F9000E16C3 /* Frameworks */,
				BC9A088518BE54F9000E16C3 /* Resources */,
				4FBC044ABBEA4A23879F7DBE /* Copy Pods Resources */,
			);
			buildRules = (
			);
			dependencies = (
			);
			name = StockBot;
			productName = StockBot;
			productReference = BC9A088718BE54F9000E16C3 /* StockBot.app */;
			productType = "com.apple.product-type.application";
		};
		BC9A08A118BE54F9000E16C3 /* StockBotTests */ = {
			isa = PBXNativeTarget;
			buildConfigurationList = BC9A08B618BE54F9000E16C3 /* Build configuration list for PBXNativeTarget "StockBotTests" */;
			buildPhases = (
				BC9A089E18BE54F9000E16C3 /* Sources */,
				BC9A089F18BE54F9000E16C3 /* Frameworks */,
				BC9A08A018BE54F9000E16C3 /* Resources */,
			);
			buildRules = (
			);
			dependencies = (
				BC9A08A818BE54F9000E16C3 /* PBXTargetDependency */,
			);
			name = StockBotTests;
			productName = StockBotTests;
			productReference = BC9A08A218BE54F9000E16C3 /* StockBotTests.xctest */;
			productType = "com.apple.product-type.bundle.unit-test";
		};
/* End PBXNativeTarget section */

/* Begin PBXProject section */
		BC9A087F18BE54F9000E16C3 /* Project object */ = {
			isa = PBXProject;
			attributes = {
				CLASSPREFIX = SB;
				LastUpgradeCheck = 0510;
				ORGANIZATIONNAME = "Robert Guo";
				TargetAttributes = {
					BC9A08A118BE54F9000E16C3 = {
						TestTargetID = BC9A088618BE54F9000E16C3;
					};
				};
			};
			buildConfigurationList = BC9A088218BE54F9000E16C3 /* Build configuration list for PBXProject "StockBot" */;
			compatibilityVersion = "Xcode 3.2";
			developmentRegion = English;
			hasScannedForEncodings = 0;
			knownRegions = (
				en,
			);
			mainGroup = BC9A087E18BE54F9000E16C3;
			productRefGroup = BC9A088818BE54F9000E16C3 /* Products */;
			projectDirPath = "";
			projectRoot = "";
			targets = (
				BC9A088618BE54F9000E16C3 /* StockBot */,
				BC9A08A118BE54F9000E16C3 /* StockBotTests */,
			);
		};
/* End PBXProject section */

/* Begin PBXResourcesBuildPhase section */
		BC9A088518BE54F9000E16C3 /* Resources */ = {
			isa = PBXResourcesBuildPhase;
			buildActionMask = 2147483647;
			files = (
				BC9A089518BE54F9000E16C3 /* InfoPlist.strings in Resources */,
				BCDB2BC218D2CB4500CBF07E /* stockList.csv in Resources */,
				BC9A089D18BE54F9000E16C3 /* Images.xcassets in Resources */,
			);
			runOnlyForDeploymentPostprocessing = 0;
		};
		BC9A08A018BE54F9000E16C3 /* Resources */ = {
			isa = PBXResourcesBuildPhase;
			buildActionMask = 2147483647;
			files = (
				BC9A08AE18BE54F9000E16C3 /* InfoPlist.strings in Resources */,
			);
			runOnlyForDeploymentPostprocessing = 0;
		};
/* End PBXResourcesBuildPhase section */

/* Begin PBXShellScriptBuildPhase section */
		33DB24EB0E6B47AA9DAB70EA /* Check Pods Manifest.lock */ = {
			isa = PBXShellScriptBuildPhase;
			buildActionMask = 2147483647;
			files = (
			);
			inputPaths = (
			);
			name = "Check Pods Manifest.lock";
			outputPaths = (
			);
			runOnlyForDeploymentPostprocessing = 0;
			shellPath = /bin/sh;
			shellScript = "diff \"${PODS_ROOT}/../Podfile.lock\" \"${PODS_ROOT}/Manifest.lock\" > /dev/null\nif [[ $? != 0 ]] ; then\n    cat << EOM\nerror: The sandbox is not in sync with the Podfile.lock. Run 'pod install' or update your CocoaPods installation.\nEOM\n    exit 1\nfi\n";
			showEnvVarsInLog = 0;
		};
		4FBC044ABBEA4A23879F7DBE /* Copy Pods Resources */ = {
			isa = PBXShellScriptBuildPhase;
			buildActionMask = 2147483647;
			files = (
			);
			inputPaths = (
			);
			name = "Copy Pods Resources";
			outputPaths = (
			);
			runOnlyForDeploymentPostprocessing = 0;
			shellPath = /bin/sh;
			shellScript = "\"${SRCROOT}/Pods/Pods-resources.sh\"\n";
			showEnvVarsInLog = 0;
		};
/* End PBXShellScriptBuildPhase section */

/* Begin PBXSourcesBuildPhase section */
		BC9A088318BE54F9000E16C3 /* Sources */ = {
			isa = PBXSourcesBuildPhase;
			buildActionMask = 2147483647;
			files = (
				BC4AFC7E18DA0C2500C888D9 /* SBAlgorithmsManager.m in Sources */,
				BC9A089718BE54F9000E16C3 /* main.m in Sources */,
				BCEB9C2C192E7699001D042D /* SBBuyCondition.m in Sources */,
				BCA6F0F719108AFE00D4A34D /* SBMACDCondition.m in Sources */,
				BCBB200918E48FDE0085FFD3 /* SBTransactionViewController.m in Sources */,
				BCA6F0FA1911659100D4A34D /* SBCondition.m in Sources */,
				BC809FE718BE96990014C48B /* SBAlgosDetailViewController.m in Sources */,
				BCDB2BC618D30AE300CBF07E /* SBStock.m in Sources */,
				BCEB9C2F192E76A2001D042D /* SBSellCondition.m in Sources */,
				BC7D247618D805A400CCF8A9 /* SBStocksTableViewCell.m in Sources */,
				BC64F39219005D0D00641E14 /* SBUserAlgoTableViewController.m in Sources */,
				BC809FE918BE96990014C48B /* SBAlgosViewController.m in Sources */,
				BC4AFC8118DA777D00C888D9 /* SBStockGraphView.m in Sources */,
				BC809FE818BE96990014C48B /* SBAlgosSelectionTableViewController.m in Sources */,
				BC9A089B18BE54F9000E16C3 /* SBAppDelegate.m in Sources */,
				BC1DD2F718BFA155006CA542 /* SBStocksDataManager.m in Sources */,
				BC7D247218D8051700CCF8A9 /* SBAlgouCustomizeTableViewCell.m in Sources */,
				BCA6F0FD191166E900D4A34D /* SBKDJCondition.m in Sources */,
				BC809FEA18BE96990014C48B /* SBStocksDetailViewController.m in Sources */,
				BCEB9C29192DD393001D042D /* SBAlgoSelectTableViewCell.m in Sources */,
				BC809FEC18BE96990014C48B /* SBStocksViewController.m in Sources */,
				BC809FED18BE96990014C48B /* SBViewController.m in Sources */,
				BC809FEB18BE96990014C48B /* SBStocksListTableViewController.m in Sources */,
				BC64F38F18FF305300641E14 /* SBLoginViewController.m in Sources */,
			);
			runOnlyForDeploymentPostprocessing = 0;
		};
		BC9A089E18BE54F9000E16C3 /* Sources */ = {
			isa = PBXSourcesBuildPhase;
			buildActionMask = 2147483647;
			files = (
				BC9A08B018BE54F9000E16C3 /* StockBotTests.m in Sources */,
			);
			runOnlyForDeploymentPostprocessing = 0;
		};
/* End PBXSourcesBuildPhase section */

/* Begin PBXTargetDependency section */
		BC9A08A818BE54F9000E16C3 /* PBXTargetDependency */ = {
			isa = PBXTargetDependency;
			target = BC9A088618BE54F9000E16C3 /* StockBot */;
			targetProxy = BC9A08A718BE54F9000E16C3 /* PBXContainerItemProxy */;
		};
/* End PBXTargetDependency section */

/* Begin PBXVariantGroup section */
		BC9A089318BE54F9000E16C3 /* InfoPlist.strings */ = {
			isa = PBXVariantGroup;
			children = (
				BC9A089418BE54F9000E16C3 /* en */,
			);
			name = InfoPlist.strings;
			sourceTree = "<group>";
		};
		BC9A08AC18BE54F9000E16C3 /* InfoPlist.strings */ = {
			isa = PBXVariantGroup;
			children = (
				BC9A08AD18BE54F9000E16C3 /* en */,
			);
			name = InfoPlist.strings;
			sourceTree = "<group>";
		};
/* End PBXVariantGroup section */

/* Begin XCBuildConfiguration section */
		BC9A08B118BE54F9000E16C3 /* Debug */ = {
			isa = XCBuildConfiguration;
			buildSettings = {
				ALWAYS_SEARCH_USER_PATHS = NO;
				CLANG_CXX_LANGUAGE_STANDARD = "gnu++0x";
				CLANG_CXX_LIBRARY = "libc++";
				CLANG_ENABLE_MODULES = YES;
				CLANG_ENABLE_OBJC_ARC = YES;
				CLANG_WARN_BOOL_CONVERSION = YES;
				CLANG_WARN_CONSTANT_CONVERSION = YES;
				CLANG_WARN_DIRECT_OBJC_ISA_USAGE = YES_ERROR;
				CLANG_WARN_EMPTY_BODY = YES;
				CLANG_WARN_ENUM_CONVERSION = YES;
				CLANG_WARN_INT_CONVERSION = YES;
				CLANG_WARN_OBJC_ROOT_CLASS = YES_ERROR;
				CLANG_WARN__DUPLICATE_METHOD_MATCH = YES;
				"CODE_SIGN_IDENTITY[sdk=iphoneos*]" = "iPhone Developer";
				COPY_PHASE_STRIP = NO;
				GCC_C_LANGUAGE_STANDARD = gnu99;
				GCC_DYNAMIC_NO_PIC = NO;
				GCC_OPTIMIZATION_LEVEL = 0;
				GCC_PREPROCESSOR_DEFINITIONS = (
					"DEBUG=1",
					"$(inherited)",
				);
				GCC_SYMBOLS_PRIVATE_EXTERN = NO;
				GCC_WARN_64_TO_32_BIT_CONVERSION = YES;
				GCC_WARN_ABOUT_RETURN_TYPE = YES_ERROR;
				GCC_WARN_UNDECLARED_SELECTOR = YES;
				GCC_WARN_UNINITIALIZED_AUTOS = YES_AGGRESSIVE;
				GCC_WARN_UNUSED_FUNCTION = YES;
				GCC_WARN_UNUSED_VARIABLE = YES;
				IPHONEOS_DEPLOYMENT_TARGET = 7.1;
				ONLY_ACTIVE_ARCH = YES;
				SDKROOT = iphoneos;
				TARGETED_DEVICE_FAMILY = 2;
			};
			name = Debug;
		};
		BC9A08B218BE54F9000E16C3 /* Release */ = {
			isa = XCBuildConfiguration;
			buildSettings = {
				ALWAYS_SEARCH_USER_PATHS = NO;
				CLANG_CXX_LANGUAGE_STANDARD = "gnu++0x";
				CLANG_CXX_LIBRARY = "libc++";
				CLANG_ENABLE_MODULES = YES;
				CLANG_ENABLE_OBJC_ARC = YES;
				CLANG_WARN_BOOL_CONVERSION = YES;
				CLANG_WARN_CONSTANT_CONVERSION = YES;
				CLANG_WARN_DIRECT_OBJC_ISA_USAGE = YES_ERROR;
				CLANG_WARN_EMPTY_BODY = YES;
				CLANG_WARN_ENUM_CONVERSION = YES;
				CLANG_WARN_INT_CONVERSION = YES;
				CLANG_WARN_OBJC_ROOT_CLASS = YES_ERROR;
				CLANG_WARN__DUPLICATE_METHOD_MATCH = YES;
				"CODE_SIGN_IDENTITY[sdk=iphoneos*]" = "iPhone Developer";
				COPY_PHASE_STRIP = YES;
				ENABLE_NS_ASSERTIONS = NO;
				GCC_C_LANGUAGE_STANDARD = gnu99;
				GCC_WARN_64_TO_32_BIT_CONVERSION = YES;
				GCC_WARN_ABOUT_RETURN_TYPE = YES_ERROR;
				GCC_WARN_UNDECLARED_SELECTOR = YES;
				GCC_WARN_UNINITIALIZED_AUTOS = YES_AGGRESSIVE;
				GCC_WARN_UNUSED_FUNCTION = YES;
				GCC_WARN_UNUSED_VARIABLE = YES;
				IPHONEOS_DEPLOYMENT_TARGET = 7.1;
				SDKROOT = iphoneos;
				TARGETED_DEVICE_FAMILY = 2;
				VALIDATE_PRODUCT = YES;
			};
			name = Release;
		};
		BC9A08B418BE54F9000E16C3 /* Debug */ = {
			isa = XCBuildConfiguration;
			baseConfigurationReference = ECAC7AB669494C0488A17B74 /* Pods.xcconfig */;
			buildSettings = {
				ASSETCATALOG_COMPILER_APPICON_NAME = AppIcon;
				ASSETCATALOG_COMPILER_LAUNCHIMAGE_NAME = LaunchImage;
				GCC_PRECOMPILE_PREFIX_HEADER = YES;
				GCC_PREFIX_HEADER = "StockBot/StockBot-Prefix.pch";
				INFOPLIST_FILE = "StockBot/StockBot-Info.plist";
				PRODUCT_NAME = "$(TARGET_NAME)";
				WRAPPER_EXTENSION = app;
			};
			name = Debug;
		};
		BC9A08B518BE54F9000E16C3 /* Release */ = {
			isa = XCBuildConfiguration;
			baseConfigurationReference = ECAC7AB669494C0488A17B74 /* Pods.xcconfig */;
			buildSettings = {
				ASSETCATALOG_COMPILER_APPICON_NAME = AppIcon;
				ASSETCATALOG_COMPILER_LAUNCHIMAGE_NAME = LaunchImage;
				GCC_PRECOMPILE_PREFIX_HEADER = YES;
				GCC_PREFIX_HEADER = "StockBot/StockBot-Prefix.pch";
				INFOPLIST_FILE = "StockBot/StockBot-Info.plist";
				PRODUCT_NAME = "$(TARGET_NAME)";
				WRAPPER_EXTENSION = app;
			};
			name = Release;
		};
		BC9A08B718BE54F9000E16C3 /* Debug */ = {
			isa = XCBuildConfiguration;
			buildSettings = {
				BUNDLE_LOADER = "$(BUILT_PRODUCTS_DIR)/StockBot.app/StockBot";
				FRAMEWORK_SEARCH_PATHS = (
					"$(SDKROOT)/Developer/Library/Frameworks",
					"$(inherited)",
					"$(DEVELOPER_FRAMEWORKS_DIR)",
				);
				GCC_PRECOMPILE_PREFIX_HEADER = YES;
				GCC_PREFIX_HEADER = "StockBot/StockBot-Prefix.pch";
				GCC_PREPROCESSOR_DEFINITIONS = (
					"DEBUG=1",
					"$(inherited)",
				);
				INFOPLIST_FILE = "StockBotTests/StockBotTests-Info.plist";
				PRODUCT_NAME = "$(TARGET_NAME)";
				TEST_HOST = "$(BUNDLE_LOADER)";
				WRAPPER_EXTENSION = xctest;
			};
			name = Debug;
		};
		BC9A08B818BE54F9000E16C3 /* Release */ = {
			isa = XCBuildConfiguration;
			buildSettings = {
				BUNDLE_LOADER = "$(BUILT_PRODUCTS_DIR)/StockBot.app/StockBot";
				FRAMEWORK_SEARCH_PATHS = (
					"$(SDKROOT)/Developer/Library/Frameworks",
					"$(inherited)",
					"$(DEVELOPER_FRAMEWORKS_DIR)",
				);
				GCC_PRECOMPILE_PREFIX_HEADER = YES;
				GCC_PREFIX_HEADER = "StockBot/StockBot-Prefix.pch";
				INFOPLIST_FILE = "StockBotTests/StockBotTests-Info.plist";
				PRODUCT_NAME = "$(TARGET_NAME)";
				TEST_HOST = "$(BUNDLE_LOADER)";
				WRAPPER_EXTENSION = xctest;
			};
			name = Release;
		};
/* End XCBuildConfiguration section */

/* Begin XCConfigurationList section */
		BC9A088218BE54F9000E16C3 /* Build configuration list for PBXProject "StockBot" */ = {
			isa = XCConfigurationList;
			buildConfigurations = (
				BC9A08B118BE54F9000E16C3 /* Debug */,
				BC9A08B218BE54F9000E16C3 /* Release */,
			);
			defaultConfigurationIsVisible = 0;
			defaultConfigurationName = Release;
		};
		BC9A08B318BE54F9000E16C3 /* Build configuration list for PBXNativeTarget "StockBot" */ = {
			isa = XCConfigurationList;
			buildConfigurations = (
				BC9A08B418BE54F9000E16C3 /* Debug */,
				BC9A08B518BE54F9000E16C3 /* Release */,
			);
			defaultConfigurationIsVisible = 0;
			defaultConfigurationName = Release;
		};
		BC9A08B618BE54F9000E16C3 /* Build configuration list for PBXNativeTarget "StockBotTests" */ = {
			isa = XCConfigurationList;
			buildConfigurations = (
				BC9A08B718BE54F9000E16C3 /* Debug */,
				BC9A08B818BE54F9000E16C3 /* Release */,
			);
			defaultConfigurationIsVisible = 0;
			defaultConfigurationName = Release;
		};
/* End XCConfigurationList section */
	};
	rootObject = BC9A087F18BE54F9000E16C3 /* Project object */;
}
