// !$*UTF8*$!
{
	archiveVersion = 1;
	classes = {
	};
	objectVersion = 46;
	objects = {

/* Begin PBXBuildFile section */
		BC9A088B18BE54F9000E16C3 /* Foundation.framework in Frameworks */ = {isa = PBXBuildFile; fileRef = BC9A088A18BE54F9000E16C3 /* Foundation.framework */; };
		BC9A088D18BE54F9000E16C3 /* CoreGraphics.framework in Frameworks */ = {isa = PBXBuildFile; fileRef = BC9A088C18BE54F9000E16C3 /* CoreGraphics.framework */; };
		BC9A088F18BE54F9000E16C3 /* UIKit.framework in Frameworks */ = {isa = PBXBuildFile; fileRef = BC9A088E18BE54F9000E16C3 /* UIKit.framework */; };
		BC9A089518BE54F9000E16C3 /* InfoPlist.strings in Resources */ = {isa = PBXBuildFile; fileRef = BC9A089318BE54F9000E16C3 /* InfoPlist.strings */; };
		BC9A089718BE54F9000E16C3 /* main.m in Sources */ = {isa = PBXBuildFile; fileRef = BC9A089618BE54F9000E16C3 /* main.m */; };
		BC9A089B18BE54F9000E16C3 /* SBAppDelegate.m in Sources */ = {isa = PBXBuildFile; fileRef = BC9A089A18BE54F9000E16C3 /* SBAppDelegate.m */; };
		BC9A089D18BE54F9000E16C3 /* Images.xcassets in Resources */ = {isa = PBXBuildFile; fileRef = BC9A089C18BE54F9000E16C3 /* Images.xcassets */; };
		BC9A08A418BE54F9000E16C3 /* XCTest.framework in Frameworks */ = {isa = PBXBuildFile; fileRef = BC9A08A318BE54F9000E16C3 /* XCTest.framework */; };
		BC9A08A518BE54F9000E16C3 /* Foundation.framework in Frameworks */ = {isa = PBXBuildFile; fileRef = BC9A088A18BE54F9000E16C3 /* Foundation.framework */; };
		BC9A08A618BE54F9000E16C3 /* UIKit.framework in Frameworks */ = {isa = PBXBuildFile; fileRef = BC9A088E18BE54F9000E16C3 /* UIKit.framework */; };
		BC9A08AE18BE54F9000E16C3 /* InfoPlist.strings in Resources */ = {isa = PBXBuildFile; fileRef = BC9A08AC18BE54F9000E16C3 /* InfoPlist.strings */; };
		BC9A08B018BE54F9000E16C3 /* StockBotTests.m in Sources */ = {isa = PBXBuildFile; fileRef = BC9A08AF18BE54F9000E16C3 /* StockBotTests.m */; };
/* End PBXBuildFile section */

/* Begin PBXContainerItemProxy section */
		BC9A08A718BE54F9000E16C3 /* PBXContainerItemProxy */ = {
			isa = PBXContainerItemProxy;
			containerPortal = BC9A087F18BE54F9000E16C3 /* Project object */;
			proxyType = 1;
			remoteGlobalIDString = BC9A088618BE54F9000E16C3;
			remoteInfo = StockBot;
		};
/* End PBXContainerItemProxy section */

/* Begin PBXFileReference section */
		BC9A088718BE54F9000E16C3 /* StockBot.app */ = {isa = PBXFileReference; explicitFileType = wrapper.application; includeInIndex = 0; path = StockBot.app; sourceTree = BUILT_PRODUCTS_DIR; };
		BC9A088A18BE54F9000E16C3 /* Foundation.framework */ = {isa = PBXFileReference; lastKnownFileType = wrapper.framework; name = Foundation.framework; path = System/Library/Frameworks/Foundation.framework; sourceTree = SDKROOT; };
		BC9A088C18BE54F9000E16C3 /* CoreGraphics.framework */ = {isa = PBXFileReference; lastKnownFileType = wrapper.framework; name = CoreGraphics.framework; path = System/Library/Frameworks/CoreGraphics.framework; sourceTree = SDKROOT; };
		BC9A088E18BE54F9000E16C3 /* UIKit.framework */ = {isa = PBXFileReference; lastKnownFileType = wrapper.framework; name = UIKit.framework; path = System/Library/Frameworks/UIKit.framework; sourceTree = SDKROOT; };
		BC9A089218BE54F9000E16C3 /* StockBot-Info.plist */ = {isa = PBXFileReference; lastKnownFileType = text.plist.xml; path = "StockBot-Info.plist"; sourceTree = "<group>"; };
		BC9A089418BE54F9000E16C3 /* en */ = {isa = PBXFileReference; lastKnownFileType = text.plist.strings; name = en; path = en.lproj/InfoPlist.strings; sourceTree = "<group>"; };
		BC9A089618BE54F9000E16C3 /* main.m */ = {isa = PBXFileReference; lastKnownFileType = sourcecode.c.objc; path = main.m; sourceTree = "<group>"; };
		BC9A089818BE54F9000E16C3 /* StockBot-Prefix.pch */ = {isa = PBXFileReference; lastKnownFileType = sourcecode.c.h; path = "StockBot-Prefix.pch"; sourceTree = "<group>"; };
		BC9A089918BE54F9000E16C3 /* SBAppDelegate.h */ = {isa = PBXFileReference; lastKnownFileType = sourcecode.c.h; path = SBAppDelegate.h; sourceTree = "<group>"; };
		BC9A089A18BE54F9000E16C3 /* SBAppDelegate.m */ = {isa = PBXFileReference; lastKnownFileType = sourcecode.c.objc; path = SBAppDelegate.m; sourceTree = "<group>"; };
		BC9A089C18BE54F9000E16C3 /* Images.xcassets */ = {isa = PBXFileReference; lastKnownFileType = folder.assetcatalog; path = Images.xcassets; sourceTree = "<group>"; };
		BC9A08A218BE54F9000E16C3 /* StockBotTests.xctest */ = {isa = PBXFileReference; explicitFileType = wrapper.cfbundle; includeInIndex = 0; path = StockBotTests.xctest; sourceTree = BUILT_PRODUCTS_DIR; };
		BC9A08A318BE54F9000E16C3 /* XCTest.framework */ = {isa = PBXFileReference; lastKnownFileType = wrapper.framework; name = XCTest.framework; path = Library/Frameworks/XCTest.framework; sourceTree = DEVELOPER_DIR; };
		BC9A08AB18BE54F9000E16C3 /* StockBotTests-Info.plist */ = {isa = PBXFileReference; lastKnownFileType = text.plist.xml; path = "StockBotTests-Info.plist"; sourceTree = "<group>"; };
		BC9A08AD18BE54F9000E16C3 /* en */ = {isa = PBXFileReference; lastKnownFileType = text.plist.strings; name = en; path = en.lproj/InfoPlist.strings; sourceTree = "<group>"; };
		BC9A08AF18BE54F9000E16C3 /* StockBotTests.m */ = {isa = PBXFileReference; lastKnownFileType = sourcecode.c.objc; path = StockBotTests.m; sourceTree = "<group>"; };
/* End PBXFileReference section */

/* Begin PBXFrameworksBuildPhase section */
		BC9A088418BE54F9000E16C3 /* Frameworks */ = {
			isa = PBXFrameworksBuildPhase;
			buildActionMask = 2147483647;
			files = (
				BC9A088D18BE54F9000E16C3 /* CoreGraphics.framework in Frameworks */,
				BC9A088F18BE54F9000E16C3 /* UIKit.framework in Frameworks */,
				BC9A088B18BE54F9000E16C3 /* Foundation.framework in Frameworks */,
			);
			runOnlyForDeploymentPostprocessing = 0;
		};
		BC9A089F18BE54F9000E16C3 /* Frameworks */ = {
			isa = PBXFrameworksBuildPhase;
			buildActionMask = 2147483647;
			files = (
				BC9A08A418BE54F9000E16C3 /* XCTest.framework in Frameworks */,
				BC9A08A618BE54F9000E16C3 /* UIKit.framework in Frameworks */,
				BC9A08A518BE54F9000E16C3 /* Foundation.framework in Frameworks */,
			);
			runOnlyForDeploymentPostprocessing = 0;
		};
/* End PBXFrameworksBuildPhase section */

/* Begin PBXGroup section */
		BC9A087E18BE54F9000E16C3 = {
			isa = PBXGroup;
			children = (
				BC9A089018BE54F9000E16C3 /* StockBot */,
				BC9A08A918BE54F9000E16C3 /* StockBotTests */,
				BC9A088918BE54F9000E16C3 /* Frameworks */,
				BC9A088818BE54F9000E16C3 /* Products */,
			);
			sourceTree = "<group>";
		};
		BC9A088818BE54F9000E16C3 /* Products */ = {
			isa = PBXGroup;
			children = (
				BC9A088718BE54F9000E16C3 /* StockBot.app */,
				BC9A08A218BE54F9000E16C3 /* StockBotTests.xctest */,
			);
			name = Products;
			sourceTree = "<group>";
		};
		BC9A088918BE54F9000E16C3 /* Frameworks */ = {
			isa = PBXGroup;
			children = (
				BC9A088A18BE54F9000E16C3 /* Foundation.framework */,
				BC9A088C18BE54F9000E16C3 /* CoreGraphics.framework */,
				BC9A088E18BE54F9000E16C3 /* UIKit.framework */,
				BC9A08A318BE54F9000E16C3 /* XCTest.framework */,
			);
			name = Frameworks;
			sourceTree = "<group>";
		};
		BC9A089018BE54F9000E16C3 /* StockBot */ = {
			isa = PBXGroup;
			children = (
				BC9A089918BE54F9000E16C3 /* SBAppDelegate.h */,
				BC9A089A18BE54F9000E16C3 /* SBAppDelegate.m */,
				BC9A089C18BE54F9000E16C3 /* Images.xcassets */,
				BC9A089118BE54F9000E16C3 /* Supporting Files */,
			);
			path = StockBot;
			sourceTree = "<group>";
		};
		BC9A089118BE54F9000E16C3 /* Supporting Files */ = {
			isa = PBXGroup;
			children = (
				BC9A089218BE54F9000E16C3 /* StockBot-Info.plist */,
				BC9A089318BE54F9000E16C3 /* InfoPlist.strings */,
				BC9A089618BE54F9000E16C3 /* main.m */,
				BC9A089818BE54F9000E16C3 /* StockBot-Prefix.pch */,
			);
			name = "Supporting Files";
			sourceTree = "<group>";
		};
		BC9A08A918BE54F9000E16C3 /* StockBotTests */ = {
			isa = PBXGroup;
			children = (
				BC9A08AF18BE54F9000E16C3 /* StockBotTests.m */,
				BC9A08AA18BE54F9000E16C3 /* Supporting Files */,
			);
			path = StockBotTests;
			sourceTree = "<group>";
		};
		BC9A08AA18BE54F9000E16C3 /* Supporting Files */ = {
			isa = PBXGroup;
			children = (
				BC9A08AB18BE54F9000E16C3 /* StockBotTests-Info.plist */,
				BC9A08AC18BE54F9000E16C3 /* InfoPlist.strings */,
			);
			name = "Supporting Files";
			sourceTree = "<group>";
		};
/* End PBXGroup section */

/* Begin PBXNativeTarget section */
		BC9A088618BE54F9000E16C3 /* StockBot */ = {
			isa = PBXNativeTarget;
			buildConfigurationList = BC9A08B318BE54F9000E16C3 /* Build configuration list for PBXNativeTarget "StockBot" */;
			buildPhases = (
				BC9A088318BE54F9000E16C3 /* Sources */,
				BC9A088418BE54F9000E16C3 /* Frameworks */,
				BC9A088518BE54F9000E16C3 /* Resources */,
			);
			buildRules = (
			);
			dependencies = (
			);
			name = StockBot;
			productName = StockBot;
			productReference = BC9A088718BE54F9000E16C3 /* StockBot.app */;
			productType = "com.apple.product-type.application";
		};
		BC9A08A118BE54F9000E16C3 /* StockBotTests */ = {
			isa = PBXNativeTarget;
			buildConfigurationList = BC9A08B618BE54F9000E16C3 /* Build configuration list for PBXNativeTarget "StockBotTests" */;
			buildPhases = (
				BC9A089E18BE54F9000E16C3 /* Sources */,
				BC9A089F18BE54F9000E16C3 /* Frameworks */,
				BC9A08A018BE54F9000E16C3 /* Resources */,
			);
			buildRules = (
			);
			dependencies = (
				BC9A08A818BE54F9000E16C3 /* PBXTargetDependency */,
			);
			name = StockBotTests;
			productName = StockBotTests;
			productReference = BC9A08A218BE54F9000E16C3 /* StockBotTests.xctest */;
			productType = "com.apple.product-type.bundle.unit-test";
		};
/* End PBXNativeTarget section */

/* Begin PBXProject section */
		BC9A087F18BE54F9000E16C3 /* Project object */ = {
			isa = PBXProject;
			attributes = {
				CLASSPREFIX = SB;
				LastUpgradeCheck = 0510;
				ORGANIZATIONNAME = "Robert Guo";
				TargetAttributes = {
					BC9A08A118BE54F9000E16C3 = {
						TestTargetID = BC9A088618BE54F9000E16C3;
					};
				};
			};
			buildConfigurationList = BC9A088218BE54F9000E16C3 /* Build configuration list for PBXProject "StockBot" */;
			compatibilityVersion = "Xcode 3.2";
			developmentRegion = English;
			hasScannedForEncodings = 0;
			knownRegions = (
				en,
			);
			mainGroup = BC9A087E18BE54F9000E16C3;
			productRefGroup = BC9A088818BE54F9000E16C3 /* Products */;
			projectDirPath = "";
			projectRoot = "";
			targets = (
				BC9A088618BE54F9000E16C3 /* StockBot */,
				BC9A08A118BE54F9000E16C3 /* StockBotTests */,
			);
		};
/* End PBXProject section */

/* Begin PBXResourcesBuildPhase section */
		BC9A088518BE54F9000E16C3 /* Resources */ = {
			isa = PBXResourcesBuildPhase;
			buildActionMask = 2147483647;
			files = (
				BC9A089518BE54F9000E16C3 /* InfoPlist.strings in Resources */,
				BC9A089D18BE54F9000E16C3 /* Images.xcassets in Resources */,
			);
			runOnlyForDeploymentPostprocessing = 0;
		};
		BC9A08A018BE54F9000E16C3 /* Resources */ = {
			isa = PBXResourcesBuildPhase;
			buildActionMask = 2147483647;
			files = (
				BC9A08AE18BE54F9000E16C3 /* InfoPlist.strings in Resources */,
			);
			runOnlyForDeploymentPostprocessing = 0;
		};
/* End PBXResourcesBuildPhase section */

/* Begin PBXSourcesBuildPhase section */
		BC9A088318BE54F9000E16C3 /* Sources */ = {
			isa = PBXSourcesBuildPhase;
			buildActionMask = 2147483647;
			files = (
				BC9A089718BE54F9000E16C3 /* main.m in Sources */,
				BC9A089B18BE54F9000E16C3 /* SBAppDelegate.m in Sources */,
			);
			runOnlyForDeploymentPostprocessing = 0;
		};
		BC9A089E18BE54F9000E16C3 /* Sources */ = {
			isa = PBXSourcesBuildPhase;
			buildActionMask = 2147483647;
			files = (
				BC9A08B018BE54F9000E16C3 /* StockBotTests.m in Sources */,
			);
			runOnlyForDeploymentPostprocessing = 0;
		};
/* End PBXSourcesBuildPhase section */

/* Begin PBXTargetDependency section */
		BC9A08A818BE54F9000E16C3 /* PBXTargetDependency */ = {
			isa = PBXTargetDependency;
			target = BC9A088618BE54F9000E16C3 /* StockBot */;
			targetProxy = BC9A08A718BE54F9000E16C3 /* PBXContainerItemProxy */;
		};
/* End PBXTargetDependency section */

/* Begin PBXVariantGroup section */
		BC9A089318BE54F9000E16C3 /* InfoPlist.strings */ = {
			isa = PBXVariantGroup;
			children = (
				BC9A089418BE54F9000E16C3 /* en */,
			);
			name = InfoPlist.strings;
			sourceTree = "<group>";
		};
		BC9A08AC18BE54F9000E16C3 /* InfoPlist.strings */ = {
			isa = PBXVariantGroup;
			children = (
				BC9A08AD18BE54F9000E16C3 /* en */,
			);
			name = InfoPlist.strings;
			sourceTree = "<group>";
		};
/* End PBXVariantGroup section */

/* Begin XCBuildConfiguration section */
		BC9A08B118BE54F9000E16C3 /* Debug */ = {
			isa = XCBuildConfiguration;
			buildSettings = {
				ALWAYS_SEARCH_USER_PATHS = NO;
				CLANG_CXX_LANGUAGE_STANDARD = "gnu++0x";
				CLANG_CXX_LIBRARY = "libc++";
				CLANG_ENABLE_MODULES = YES;
				CLANG_ENABLE_OBJC_ARC = YES;
				CLANG_WARN_BOOL_CONVERSION = YES;
				CLANG_WARN_CONSTANT_CONVERSION = YES;
				CLANG_WARN_DIRECT_OBJC_ISA_USAGE = YES_ERROR;
				CLANG_WARN_EMPTY_BODY = YES;
				CLANG_WARN_ENUM_CONVERSION = YES;
				CLANG_WARN_INT_CONVERSION = YES;
				CLANG_WARN_OBJC_ROOT_CLASS = YES_ERROR;
				CLANG_WARN__DUPLICATE_METHOD_MATCH = YES;
				"CODE_SIGN_IDENTITY[sdk=iphoneos*]" = "iPhone Developer";
				COPY_PHASE_STRIP = NO;
				GCC_C_LANGUAGE_STANDARD = gnu99;
				GCC_DYNAMIC_NO_PIC = NO;
				GCC_OPTIMIZATION_LEVEL = 0;
				GCC_PREPROCESSOR_DEFINITIONS = (
					"DEBUG=1",
					"$(inherited)",
				);
				GCC_SYMBOLS_PRIVATE_EXTERN = NO;
				GCC_WARN_64_TO_32_BIT_CONVERSION = YES;
				GCC_WARN_ABOUT_RETURN_TYPE = YES_ERROR;
				GCC_WARN_UNDECLARED_SELECTOR = YES;
				GCC_WARN_UNINITIALIZED_AUTOS = YES_AGGRESSIVE;
				GCC_WARN_UNUSED_FUNCTION = YES;
				GCC_WARN_UNUSED_VARIABLE = YES;
				IPHONEOS_DEPLOYMENT_TARGET = 7.1;
				ONLY_ACTIVE_ARCH = YES;
				SDKROOT = iphoneos;
				TARGETED_DEVICE_FAMILY = 2;
			};
			name = Debug;
		};
		BC9A08B218BE54F9000E16C3 /* Release */ = {
			isa = XCBuildConfiguration;
			buildSettings = {
				ALWAYS_SEARCH_USER_PATHS = NO;
				CLANG_CXX_LANGUAGE_STANDARD = "gnu++0x";
				CLANG_CXX_LIBRARY = "libc++";
				CLANG_ENABLE_MODULES = YES;
				CLANG_ENABLE_OBJC_ARC = YES;
				CLANG_WARN_BOOL_CONVERSION = YES;
				CLANG_WARN_CONSTANT_CONVERSION = YES;
				CLANG_WARN_DIRECT_OBJC_ISA_USAGE = YES_ERROR;
				CLANG_WARN_EMPTY_BODY = YES;
				CLANG_WARN_ENUM_CONVERSION = YES;
				CLANG_WARN_INT_CONVERSION = YES;
				CLANG_WARN_OBJC_ROOT_CLASS = YES_ERROR;
				CLANG_WARN__DUPLICATE_METHOD_MATCH = YES;
				"CODE_SIGN_IDENTITY[sdk=iphoneos*]" = "iPhone Developer";
				COPY_PHASE_STRIP = YES;
				ENABLE_NS_ASSERTIONS = NO;
				GCC_C_LANGUAGE_STANDARD = gnu99;
				GCC_WARN_64_TO_32_BIT_CONVERSION = YES;
				GCC_WARN_ABOUT_RETURN_TYPE = YES_ERROR;
				GCC_WARN_UNDECLARED_SELECTOR = YES;
				GCC_WARN_UNINITIALIZED_AUTOS = YES_AGGRESSIVE;
				GCC_WARN_UNUSED_FUNCTION = YES;
				GCC_WARN_UNUSED_VARIABLE = YES;
				IPHONEOS_DEPLOYMENT_TARGET = 7.1;
				SDKROOT = iphoneos;
				TARGETED_DEVICE_FAMILY = 2;
				VALIDATE_PRODUCT = YES;
			};
			name = Release;
		};
		BC9A08B418BE54F9000E16C3 /* Debug */ = {
			isa = XCBuildConfiguration;
			buildSettings = {
				ASSETCATALOG_COMPILER_APPICON_NAME = AppIcon;
				ASSETCATALOG_COMPILER_LAUNCHIMAGE_NAME = LaunchImage;
				GCC_PRECOMPILE_PREFIX_HEADER = YES;
				GCC_PREFIX_HEADER = "StockBot/StockBot-Prefix.pch";
				INFOPLIST_FILE = "StockBot/StockBot-Info.plist";
				PRODUCT_NAME = "$(TARGET_NAME)";
				WRAPPER_EXTENSION = app;
			};
			name = Debug;
		};
		BC9A08B518BE54F9000E16C3 /* Release */ = {
			isa = XCBuildConfiguration;
			buildSettings = {
				ASSETCATALOG_COMPILER_APPICON_NAME = AppIcon;
				ASSETCATALOG_COMPILER_LAUNCHIMAGE_NAME = LaunchImage;
				GCC_PRECOMPILE_PREFIX_HEADER = YES;
				GCC_PREFIX_HEADER = "StockBot/StockBot-Prefix.pch";
				INFOPLIST_FILE = "StockBot/StockBot-Info.plist";
				PRODUCT_NAME = "$(TARGET_NAME)";
				WRAPPER_EXTENSION = app;
			};
			name = Release;
		};
		BC9A08B718BE54F9000E16C3 /* Debug */ = {
			isa = XCBuildConfiguration;
			buildSettings = {
				BUNDLE_LOADER = "$(BUILT_PRODUCTS_DIR)/StockBot.app/StockBot";
				FRAMEWORK_SEARCH_PATHS = (
					"$(SDKROOT)/Developer/Library/Frameworks",
					"$(inherited)",
					"$(DEVELOPER_FRAMEWORKS_DIR)",
				);
				GCC_PRECOMPILE_PREFIX_HEADER = YES;
				GCC_PREFIX_HEADER = "StockBot/StockBot-Prefix.pch";
				GCC_PREPROCESSOR_DEFINITIONS = (
					"DEBUG=1",
					"$(inherited)",
				);
				INFOPLIST_FILE = "StockBotTests/StockBotTests-Info.plist";
				PRODUCT_NAME = "$(TARGET_NAME)";
				TEST_HOST = "$(BUNDLE_LOADER)";
				WRAPPER_EXTENSION = xctest;
			};
			name = Debug;
		};
		BC9A08B818BE54F9000E16C3 /* Release */ = {
			isa = XCBuildConfiguration;
			buildSettings = {
				BUNDLE_LOADER = "$(BUILT_PRODUCTS_DIR)/StockBot.app/StockBot";
				FRAMEWORK_SEARCH_PATHS = (
					"$(SDKROOT)/Developer/Library/Frameworks",
					"$(inherited)",
					"$(DEVELOPER_FRAMEWORKS_DIR)",
				);
				GCC_PRECOMPILE_PREFIX_HEADER = YES;
				GCC_PREFIX_HEADER = "StockBot/StockBot-Prefix.pch";
				INFOPLIST_FILE = "StockBotTests/StockBotTests-Info.plist";
				PRODUCT_NAME = "$(TARGET_NAME)";
				TEST_HOST = "$(BUNDLE_LOADER)";
				WRAPPER_EXTENSION = xctest;
			};
			name = Release;
		};
/* End XCBuildConfiguration section */

/* Begin XCConfigurationList section */
		BC9A088218BE54F9000E16C3 /* Build configuration list for PBXProject "StockBot" */ = {
			isa = XCConfigurationList;
			buildConfigurations = (
				BC9A08B118BE54F9000E16C3 /* Debug */,
				BC9A08B218BE54F9000E16C3 /* Release */,
			);
			defaultConfigurationIsVisible = 0;
			defaultConfigurationName = Release;
		};
		BC9A08B318BE54F9000E16C3 /* Build configuration list for PBXNativeTarget "StockBot" */ = {
			isa = XCConfigurationList;
			buildConfigurations = (
				BC9A08B418BE54F9000E16C3 /* Debug */,
				BC9A08B518BE54F9000E16C3 /* Release */,
			);
			defaultConfigurationIsVisible = 0;
		};
		BC9A08B618BE54F9000E16C3 /* Build configuration list for PBXNativeTarget "StockBotTests" */ = {
			isa = XCConfigurationList;
			buildConfigurations = (
				BC9A08B718BE54F9000E16C3 /* Debug */,
				BC9A08B818BE54F9000E16C3 /* Release */,
			);
			defaultConfigurationIsVisible = 0;
		};
/* End XCConfigurationList section */
	};
	rootObject = BC9A087F18BE54F9000E16C3 /* Project object */;
}
